// !$*UTF8*$!
{
	archiveVersion = 1;
	classes = {
	};
	objectVersion = 50;
	objects = {

/* Begin PBXBuildFile section */
		B37D4AA0214E89F00001AE17 /* main.cpp in Sources */ = {isa = PBXBuildFile; fileRef = B37D4A9F214E89F00001AE17 /* main.cpp */; };
		B3BB243621599D5900BD6E37 /* Types.cpp in Sources */ = {isa = PBXBuildFile; fileRef = B3BB235221599D5900BD6E37 /* Types.cpp */; };
		B3BB243721599D5900BD6E37 /* LinkedList.cpp in Sources */ = {isa = PBXBuildFile; fileRef = B3BB235421599D5900BD6E37 /* LinkedList.cpp */; };
		B3BB243821599D5900BD6E37 /* FastQueue.cpp in Sources */ = {isa = PBXBuildFile; fileRef = B3BB235521599D5900BD6E37 /* FastQueue.cpp */; };
		B3BB243921599D5900BD6E37 /* ListMap.cpp in Sources */ = {isa = PBXBuildFile; fileRef = B3BB235621599D5900BD6E37 /* ListMap.cpp */; };
		B3BB243A21599D5900BD6E37 /* Processor.cpp in Sources */ = {isa = PBXBuildFile; fileRef = B3BB235B21599D5900BD6E37 /* Processor.cpp */; };
		B3BB243B21599D5900BD6E37 /* Coroutine.cpp in Sources */ = {isa = PBXBuildFile; fileRef = B3BB235C21599D5900BD6E37 /* Coroutine.cpp */; };
		B3BB243C21599D5900BD6E37 /* ConversionUtils.cpp in Sources */ = {isa = PBXBuildFile; fileRef = B3BB236121599D5900BD6E37 /* ConversionUtils.cpp */; };
		B3BB243D21599D5900BD6E37 /* ParsingCaret.cpp in Sources */ = {isa = PBXBuildFile; fileRef = B3BB236321599D5900BD6E37 /* ParsingCaret.cpp */; };
		B3BB243E21599D5900BD6E37 /* Runnable.cpp in Sources */ = {isa = PBXBuildFile; fileRef = B3BB236621599D5900BD6E37 /* Runnable.cpp */; };
		B3BB243F21599D5900BD6E37 /* SpinLock.cpp in Sources */ = {isa = PBXBuildFile; fileRef = B3BB236721599D5900BD6E37 /* SpinLock.cpp */; };
		B3BB244021599D5900BD6E37 /* Thread.cpp in Sources */ = {isa = PBXBuildFile; fileRef = B3BB236821599D5900BD6E37 /* Thread.cpp */; };
		B3BB244121599D5900BD6E37 /* Library.cpp in Sources */ = {isa = PBXBuildFile; fileRef = B3BB237321599D5900BD6E37 /* Library.cpp */; };
		B3BB244221599D5900BD6E37 /* Object.cpp in Sources */ = {isa = PBXBuildFile; fileRef = B3BB237B21599D5900BD6E37 /* Object.cpp */; };
		B3BB244321599D5900BD6E37 /* ListMap.cpp in Sources */ = {isa = PBXBuildFile; fileRef = B3BB237D21599D5900BD6E37 /* ListMap.cpp */; };
		B3BB244421599D5900BD6E37 /* List.cpp in Sources */ = {isa = PBXBuildFile; fileRef = B3BB238221599D5900BD6E37 /* List.cpp */; };
		B3BB244521599D5900BD6E37 /* Primitive.cpp in Sources */ = {isa = PBXBuildFile; fileRef = B3BB238421599D5900BD6E37 /* Primitive.cpp */; };
		B3BB244621599D5900BD6E37 /* Type.cpp in Sources */ = {isa = PBXBuildFile; fileRef = B3BB238521599D5900BD6E37 /* Type.cpp */; };
		B3BB244721599D5900BD6E37 /* ObjectMapper.cpp in Sources */ = {isa = PBXBuildFile; fileRef = B3BB238621599D5900BD6E37 /* ObjectMapper.cpp */; };
		B3BB244821599D5900BD6E37 /* Delegate.cpp in Sources */ = {isa = PBXBuildFile; fileRef = B3BB238921599D5900BD6E37 /* Delegate.cpp */; };
		B3BB244921599D5900BD6E37 /* Stream.cpp in Sources */ = {isa = PBXBuildFile; fileRef = B3BB238C21599D5900BD6E37 /* Stream.cpp */; };
		B3BB244A21599D5900BD6E37 /* ChunkedBuffer.cpp in Sources */ = {isa = PBXBuildFile; fileRef = B3BB238D21599D5900BD6E37 /* ChunkedBuffer.cpp */; };
		B3BB244B21599D5900BD6E37 /* StreamBufferedProxy.cpp in Sources */ = {isa = PBXBuildFile; fileRef = B3BB238F21599D5900BD6E37 /* StreamBufferedProxy.cpp */; };
		B3BB244C21599D5900BD6E37 /* IOBuffer.cpp in Sources */ = {isa = PBXBuildFile; fileRef = B3BB239121599D5900BD6E37 /* IOBuffer.cpp */; };
		B3BB244D21599D5900BD6E37 /* FIFOBuffer.cpp in Sources */ = {isa = PBXBuildFile; fileRef = B3BB239221599D5900BD6E37 /* FIFOBuffer.cpp */; };
		B3BB244E21599D5900BD6E37 /* Controllable.cpp in Sources */ = {isa = PBXBuildFile; fileRef = B3BB239621599D5900BD6E37 /* Controllable.cpp */; };
		B3BB244F21599D5900BD6E37 /* Environment.cpp in Sources */ = {isa = PBXBuildFile; fileRef = B3BB239821599D5900BD6E37 /* Environment.cpp */; };
		B3BB245021599D5900BD6E37 /* Allocator.cpp in Sources */ = {isa = PBXBuildFile; fileRef = B3BB239D21599D5900BD6E37 /* Allocator.cpp */; };
		B3BB245121599D5900BD6E37 /* MemoryPool.cpp in Sources */ = {isa = PBXBuildFile; fileRef = B3BB239E21599D5900BD6E37 /* MemoryPool.cpp */; };
		B3BB245221599D5900BD6E37 /* ObjectPool.cpp in Sources */ = {isa = PBXBuildFile; fileRef = B3BB239F21599D5900BD6E37 /* ObjectPool.cpp */; };
		B3BB245321599D5900BD6E37 /* StrBuffer.cpp in Sources */ = {isa = PBXBuildFile; fileRef = B3BB23A221599D5900BD6E37 /* StrBuffer.cpp */; };
		B3BB245421599D5900BD6E37 /* LinkedListTest.cpp in Sources */ = {isa = PBXBuildFile; fileRef = B3BB23AA21599D5900BD6E37 /* LinkedListTest.cpp */; };
		B3BB245521599D5900BD6E37 /* PerfTest.cpp in Sources */ = {isa = PBXBuildFile; fileRef = B3BB23AF21599D5900BD6E37 /* PerfTest.cpp */; };
		B3BB245621599D5900BD6E37 /* MemoryPoolTest.cpp in Sources */ = {isa = PBXBuildFile; fileRef = B3BB23B021599D5900BD6E37 /* MemoryPoolTest.cpp */; };
		B3BB245721599D5900BD6E37 /* RegRuleTest.cpp in Sources */ = {isa = PBXBuildFile; fileRef = B3BB23B121599D5900BD6E37 /* RegRuleTest.cpp */; };
		B3BB245821599D5900BD6E37 /* UnicodeTest.cpp in Sources */ = {isa = PBXBuildFile; fileRef = B3BB23B421599D5900BD6E37 /* UnicodeTest.cpp */; };
		B3BB245921599D5900BD6E37 /* DTOMapperPerfTest.cpp in Sources */ = {isa = PBXBuildFile; fileRef = B3BB23B921599D5900BD6E37 /* DTOMapperPerfTest.cpp */; };
		B3BB245A21599D5900BD6E37 /* DeserializerTest.cpp in Sources */ = {isa = PBXBuildFile; fileRef = B3BB23BA21599D5900BD6E37 /* DeserializerTest.cpp */; };
		B3BB245B21599D5900BD6E37 /* DTOMapperTest.cpp in Sources */ = {isa = PBXBuildFile; fileRef = B3BB23BC21599D5900BD6E37 /* DTOMapperTest.cpp */; };
		B3BB245C21599D5900BD6E37 /* Checker.cpp in Sources */ = {isa = PBXBuildFile; fileRef = B3BB23C021599D5900BD6E37 /* Checker.cpp */; };
		B3BB245D21599D5900BD6E37 /* UnitTest.cpp in Sources */ = {isa = PBXBuildFile; fileRef = B3BB23C121599D5900BD6E37 /* UnitTest.cpp */; };
		B3BB245E21599D5900BD6E37 /* ErrorHandler.cpp in Sources */ = {isa = PBXBuildFile; fileRef = B3BB23C621599D5900BD6E37 /* ErrorHandler.cpp */; };
		B3BB245F21599D5900BD6E37 /* Interceptor.cpp in Sources */ = {isa = PBXBuildFile; fileRef = B3BB23C721599D5900BD6E37 /* Interceptor.cpp */; };
		B3BB246021599D5900BD6E37 /* AsyncHttpConnectionHandler.cpp in Sources */ = {isa = PBXBuildFile; fileRef = B3BB23C921599D5900BD6E37 /* AsyncHttpConnectionHandler.cpp */; };
		B3BB246121599D5900BD6E37 /* HttpError.cpp in Sources */ = {isa = PBXBuildFile; fileRef = B3BB23CB21599D5900BD6E37 /* HttpError.cpp */; };
		B3BB246221599D5900BD6E37 /* HttpProcessor.cpp in Sources */ = {isa = PBXBuildFile; fileRef = B3BB23CE21599D5900BD6E37 /* HttpProcessor.cpp */; };
		B3BB246321599D5900BD6E37 /* HttpConnectionHandler.cpp in Sources */ = {isa = PBXBuildFile; fileRef = B3BB23CF21599D5900BD6E37 /* HttpConnectionHandler.cpp */; };
		B3BB246421599D5900BD6E37 /* Endpoint.cpp in Sources */ = {isa = PBXBuildFile; fileRef = B3BB23D221599D5900BD6E37 /* Endpoint.cpp */; };
		B3BB246521599D5900BD6E37 /* ApiController.cpp in Sources */ = {isa = PBXBuildFile; fileRef = B3BB23D721599D5900BD6E37 /* ApiController.cpp */; };
		B3BB246621599D5900BD6E37 /* HttpRouter.cpp in Sources */ = {isa = PBXBuildFile; fileRef = B3BB23D921599D5900BD6E37 /* HttpRouter.cpp */; };
		B3BB246721599D5900BD6E37 /* CommunicationUtils.cpp in Sources */ = {isa = PBXBuildFile; fileRef = B3BB23DE21599D5900BD6E37 /* CommunicationUtils.cpp */; };
		B3BB246821599D5900BD6E37 /* ChunkedBufferBody.cpp in Sources */ = {isa = PBXBuildFile; fileRef = B3BB23E021599D5900BD6E37 /* ChunkedBufferBody.cpp */; };
		B3BB246921599D5900BD6E37 /* Request.cpp in Sources */ = {isa = PBXBuildFile; fileRef = B3BB23E221599D5900BD6E37 /* Request.cpp */; };
		B3BB246A21599D5900BD6E37 /* DtoBody.cpp in Sources */ = {isa = PBXBuildFile; fileRef = B3BB23E421599D5900BD6E37 /* DtoBody.cpp */; };
		B3BB246B21599D5900BD6E37 /* Body.cpp in Sources */ = {isa = PBXBuildFile; fileRef = B3BB23E621599D5900BD6E37 /* Body.cpp */; };
		B3BB246C21599D5900BD6E37 /* Response.cpp in Sources */ = {isa = PBXBuildFile; fileRef = B3BB23E921599D5900BD6E37 /* Response.cpp */; };
		B3BB246D21599D5900BD6E37 /* BufferBody.cpp in Sources */ = {isa = PBXBuildFile; fileRef = B3BB23EA21599D5900BD6E37 /* BufferBody.cpp */; };
		B3BB246E21599D5900BD6E37 /* ResponseFactory.cpp in Sources */ = {isa = PBXBuildFile; fileRef = B3BB23EC21599D5900BD6E37 /* ResponseFactory.cpp */; };
		B3BB246F21599D5900BD6E37 /* Http.cpp in Sources */ = {isa = PBXBuildFile; fileRef = B3BB23EF21599D5900BD6E37 /* Http.cpp */; };
		B3BB247021599D5900BD6E37 /* Request.cpp in Sources */ = {isa = PBXBuildFile; fileRef = B3BB23F121599D5900BD6E37 /* Request.cpp */; };
		B3BB247121599D5900BD6E37 /* BodyDecoder.cpp in Sources */ = {isa = PBXBuildFile; fileRef = B3BB23F321599D5900BD6E37 /* BodyDecoder.cpp */; };
		B3BB247221599D5900BD6E37 /* Response.cpp in Sources */ = {isa = PBXBuildFile; fileRef = B3BB23F521599D5900BD6E37 /* Response.cpp */; };
		B3BB247321599D5900BD6E37 /* Router.cpp in Sources */ = {isa = PBXBuildFile; fileRef = B3BB23F921599D5900BD6E37 /* Router.cpp */; };
		B3BB247421599D5900BD6E37 /* Subscriber.cpp in Sources */ = {isa = PBXBuildFile; fileRef = B3BB23FA21599D5900BD6E37 /* Subscriber.cpp */; };
		B3BB247521599D5900BD6E37 /* Pattern.cpp in Sources */ = {isa = PBXBuildFile; fileRef = B3BB23FE21599D5900BD6E37 /* Pattern.cpp */; };
		B3BB247621599D5900BD6E37 /* RequestExecutor.cpp in Sources */ = {isa = PBXBuildFile; fileRef = B3BB240021599D5900BD6E37 /* RequestExecutor.cpp */; };
		B3BB247721599D5900BD6E37 /* ApiClient.cpp in Sources */ = {isa = PBXBuildFile; fileRef = B3BB240221599D5900BD6E37 /* ApiClient.cpp */; };
		B3BB247821599D5900BD6E37 /* HttpRequestExecutor.cpp in Sources */ = {isa = PBXBuildFile; fileRef = B3BB240821599D5900BD6E37 /* HttpRequestExecutor.cpp */; };
		B3BB247921599D5900BD6E37 /* Url.cpp in Sources */ = {isa = PBXBuildFile; fileRef = B3BB240B21599D5900BD6E37 /* Url.cpp */; };
		B3BB247A21599D5900BD6E37 /* Pipe.cpp in Sources */ = {isa = PBXBuildFile; fileRef = B3BB240D21599D5900BD6E37 /* Pipe.cpp */; };
		B3BB247B21599D5900BD6E37 /* Socket.cpp in Sources */ = {isa = PBXBuildFile; fileRef = B3BB240E21599D5900BD6E37 /* Socket.cpp */; };
		B3BB247C21599D5900BD6E37 /* SimpleTCPConnectionProvider.cpp in Sources */ = {isa = PBXBuildFile; fileRef = B3BB241521599D5900BD6E37 /* SimpleTCPConnectionProvider.cpp */; };
		B3BB247D21599D5900BD6E37 /* ConnectionHandler.cpp in Sources */ = {isa = PBXBuildFile; fileRef = B3BB241621599D5900BD6E37 /* ConnectionHandler.cpp */; };
		B3BB247E21599D5900BD6E37 /* Server.cpp in Sources */ = {isa = PBXBuildFile; fileRef = B3BB241721599D5900BD6E37 /* Server.cpp */; };
		B3BB247F21599D5900BD6E37 /* ConnectionProvider.cpp in Sources */ = {isa = PBXBuildFile; fileRef = B3BB241A21599D5900BD6E37 /* ConnectionProvider.cpp */; };
		B3BB248021599D5900BD6E37 /* Connection.cpp in Sources */ = {isa = PBXBuildFile; fileRef = B3BB241B21599D5900BD6E37 /* Connection.cpp */; };
		B3BB248121599D5900BD6E37 /* SimpleTCPConnectionProvider.cpp in Sources */ = {isa = PBXBuildFile; fileRef = B3BB241E21599D5900BD6E37 /* SimpleTCPConnectionProvider.cpp */; };
		B3BB248221599D5900BD6E37 /* Base64.cpp in Sources */ = {isa = PBXBuildFile; fileRef = B3BB242121599D5900BD6E37 /* Base64.cpp */; };
		B3BB248321599D5900BD6E37 /* Hex.cpp in Sources */ = {isa = PBXBuildFile; fileRef = B3BB242321599D5900BD6E37 /* Hex.cpp */; };
		B3BB248421599D5900BD6E37 /* Unicode.cpp in Sources */ = {isa = PBXBuildFile; fileRef = B3BB242421599D5900BD6E37 /* Unicode.cpp */; };
		B3BB248521599D5900BD6E37 /* CRC.cpp in Sources */ = {isa = PBXBuildFile; fileRef = B3BB242721599D5900BD6E37 /* CRC.cpp */; };
		B3BB248621599D5900BD6E37 /* Deserializer.cpp in Sources */ = {isa = PBXBuildFile; fileRef = B3BB242F21599D5900BD6E37 /* Deserializer.cpp */; };
		B3BB248721599D5900BD6E37 /* ObjectMapper.cpp in Sources */ = {isa = PBXBuildFile; fileRef = B3BB243021599D5900BD6E37 /* ObjectMapper.cpp */; };
		B3BB248821599D5900BD6E37 /* Serializer.cpp in Sources */ = {isa = PBXBuildFile; fileRef = B3BB243121599D5900BD6E37 /* Serializer.cpp */; };
		B3BB248921599D5900BD6E37 /* Utils.cpp in Sources */ = {isa = PBXBuildFile; fileRef = B3BB243221599D5900BD6E37 /* Utils.cpp */; };
/* End PBXBuildFile section */

/* Begin PBXCopyFilesBuildPhase section */
		B38DB6C4214311CD00F3896A /* CopyFiles */ = {
			isa = PBXCopyFilesBuildPhase;
			buildActionMask = 2147483647;
			dstPath = /usr/share/man/man1/;
			dstSubfolderSpec = 0;
			files = (
			);
			runOnlyForDeploymentPostprocessing = 1;
		};
/* End PBXCopyFilesBuildPhase section */

/* Begin PBXFileReference section */
		B37D4A9E214E89F00001AE17 /* Logger.hpp */ = {isa = PBXFileReference; fileEncoding = 4; lastKnownFileType = sourcecode.cpp.h; path = Logger.hpp; sourceTree = "<group>"; };
		B37D4A9F214E89F00001AE17 /* main.cpp */ = {isa = PBXFileReference; fileEncoding = 4; lastKnownFileType = sourcecode.cpp.cpp; path = main.cpp; sourceTree = "<group>"; };
		B38DB6C6214311CD00F3896A /* benchmark-http */ = {isa = PBXFileReference; explicitFileType = "compiled.mach-o.executable"; includeInIndex = 0; name = "benchmark-http"; path = "benchmark-http-async"; sourceTree = BUILT_PRODUCTS_DIR; };
		B3BB235221599D5900BD6E37 /* Types.cpp */ = {isa = PBXFileReference; fileEncoding = 4; lastKnownFileType = sourcecode.cpp.cpp; path = Types.cpp; sourceTree = "<group>"; };
		B3BB235421599D5900BD6E37 /* LinkedList.cpp */ = {isa = PBXFileReference; fileEncoding = 4; lastKnownFileType = sourcecode.cpp.cpp; path = LinkedList.cpp; sourceTree = "<group>"; };
		B3BB235521599D5900BD6E37 /* FastQueue.cpp */ = {isa = PBXFileReference; fileEncoding = 4; lastKnownFileType = sourcecode.cpp.cpp; path = FastQueue.cpp; sourceTree = "<group>"; };
		B3BB235621599D5900BD6E37 /* ListMap.cpp */ = {isa = PBXFileReference; fileEncoding = 4; lastKnownFileType = sourcecode.cpp.cpp; path = ListMap.cpp; sourceTree = "<group>"; };
		B3BB235721599D5900BD6E37 /* FastQueue.hpp */ = {isa = PBXFileReference; fileEncoding = 4; lastKnownFileType = sourcecode.cpp.h; path = FastQueue.hpp; sourceTree = "<group>"; };
		B3BB235821599D5900BD6E37 /* ListMap.hpp */ = {isa = PBXFileReference; fileEncoding = 4; lastKnownFileType = sourcecode.cpp.h; path = ListMap.hpp; sourceTree = "<group>"; };
		B3BB235921599D5900BD6E37 /* LinkedList.hpp */ = {isa = PBXFileReference; fileEncoding = 4; lastKnownFileType = sourcecode.cpp.h; path = LinkedList.hpp; sourceTree = "<group>"; };
		B3BB235B21599D5900BD6E37 /* Processor.cpp */ = {isa = PBXFileReference; fileEncoding = 4; lastKnownFileType = sourcecode.cpp.cpp; path = Processor.cpp; sourceTree = "<group>"; };
		B3BB235C21599D5900BD6E37 /* Coroutine.cpp */ = {isa = PBXFileReference; fileEncoding = 4; lastKnownFileType = sourcecode.cpp.cpp; path = Coroutine.cpp; sourceTree = "<group>"; };
		B3BB235D21599D5900BD6E37 /* Processor.hpp */ = {isa = PBXFileReference; fileEncoding = 4; lastKnownFileType = sourcecode.cpp.h; path = Processor.hpp; sourceTree = "<group>"; };
		B3BB235E21599D5900BD6E37 /* Coroutine.hpp */ = {isa = PBXFileReference; fileEncoding = 4; lastKnownFileType = sourcecode.cpp.h; path = Coroutine.hpp; sourceTree = "<group>"; };
		B3BB236021599D5900BD6E37 /* ConversionUtils.hpp */ = {isa = PBXFileReference; fileEncoding = 4; lastKnownFileType = sourcecode.cpp.h; path = ConversionUtils.hpp; sourceTree = "<group>"; };
		B3BB236121599D5900BD6E37 /* ConversionUtils.cpp */ = {isa = PBXFileReference; fileEncoding = 4; lastKnownFileType = sourcecode.cpp.cpp; path = ConversionUtils.cpp; sourceTree = "<group>"; };
		B3BB236321599D5900BD6E37 /* ParsingCaret.cpp */ = {isa = PBXFileReference; fileEncoding = 4; lastKnownFileType = sourcecode.cpp.cpp; path = ParsingCaret.cpp; sourceTree = "<group>"; };
		B3BB236421599D5900BD6E37 /* ParsingCaret.hpp */ = {isa = PBXFileReference; fileEncoding = 4; lastKnownFileType = sourcecode.cpp.h; path = ParsingCaret.hpp; sourceTree = "<group>"; };
		B3BB236621599D5900BD6E37 /* Runnable.cpp */ = {isa = PBXFileReference; fileEncoding = 4; lastKnownFileType = sourcecode.cpp.cpp; path = Runnable.cpp; sourceTree = "<group>"; };
		B3BB236721599D5900BD6E37 /* SpinLock.cpp */ = {isa = PBXFileReference; fileEncoding = 4; lastKnownFileType = sourcecode.cpp.cpp; path = SpinLock.cpp; sourceTree = "<group>"; };
		B3BB236821599D5900BD6E37 /* Thread.cpp */ = {isa = PBXFileReference; fileEncoding = 4; lastKnownFileType = sourcecode.cpp.cpp; path = Thread.cpp; sourceTree = "<group>"; };
		B3BB236921599D5900BD6E37 /* Runnable.hpp */ = {isa = PBXFileReference; fileEncoding = 4; lastKnownFileType = sourcecode.cpp.h; path = Runnable.hpp; sourceTree = "<group>"; };
		B3BB236A21599D5900BD6E37 /* SpinLock.hpp */ = {isa = PBXFileReference; fileEncoding = 4; lastKnownFileType = sourcecode.cpp.h; path = SpinLock.hpp; sourceTree = "<group>"; };
		B3BB236B21599D5900BD6E37 /* Thread.hpp */ = {isa = PBXFileReference; fileEncoding = 4; lastKnownFileType = sourcecode.cpp.h; path = Thread.hpp; sourceTree = "<group>"; };
		B3BB236D21599D5900BD6E37 /* codegen.hpp */ = {isa = PBXFileReference; fileEncoding = 4; lastKnownFileType = sourcecode.cpp.h; path = codegen.hpp; sourceTree = "<group>"; };
		B3BB236E21599D5900BD6E37 /* component.hpp */ = {isa = PBXFileReference; fileEncoding = 4; lastKnownFileType = sourcecode.cpp.h; path = component.hpp; sourceTree = "<group>"; };
		B3BB236F21599D5900BD6E37 /* basic.hpp */ = {isa = PBXFileReference; fileEncoding = 4; lastKnownFileType = sourcecode.cpp.h; path = basic.hpp; sourceTree = "<group>"; };
		B3BB237221599D5900BD6E37 /* Library.hpp */ = {isa = PBXFileReference; fileEncoding = 4; lastKnownFileType = sourcecode.cpp.h; path = Library.hpp; sourceTree = "<group>"; };
		B3BB237321599D5900BD6E37 /* Library.cpp */ = {isa = PBXFileReference; fileEncoding = 4; lastKnownFileType = sourcecode.cpp.cpp; path = Library.cpp; sourceTree = "<group>"; };
		B3BB237421599D5900BD6E37 /* Types.hpp */ = {isa = PBXFileReference; fileEncoding = 4; lastKnownFileType = sourcecode.cpp.h; path = Types.hpp; sourceTree = "<group>"; };
		B3BB237721599D5900BD6E37 /* ObjectMapper.hpp */ = {isa = PBXFileReference; fileEncoding = 4; lastKnownFileType = sourcecode.cpp.h; path = ObjectMapper.hpp; sourceTree = "<group>"; };
		B3BB237921599D5900BD6E37 /* Primitive.hpp */ = {isa = PBXFileReference; fileEncoding = 4; lastKnownFileType = sourcecode.cpp.h; path = Primitive.hpp; sourceTree = "<group>"; };
		B3BB237A21599D5900BD6E37 /* Type.hpp */ = {isa = PBXFileReference; fileEncoding = 4; lastKnownFileType = sourcecode.cpp.h; path = Type.hpp; sourceTree = "<group>"; };
		B3BB237B21599D5900BD6E37 /* Object.cpp */ = {isa = PBXFileReference; fileEncoding = 4; lastKnownFileType = sourcecode.cpp.cpp; path = Object.cpp; sourceTree = "<group>"; };
		B3BB237C21599D5900BD6E37 /* List.hpp */ = {isa = PBXFileReference; fileEncoding = 4; lastKnownFileType = sourcecode.cpp.h; path = List.hpp; sourceTree = "<group>"; };
		B3BB237D21599D5900BD6E37 /* ListMap.cpp */ = {isa = PBXFileReference; fileEncoding = 4; lastKnownFileType = sourcecode.cpp.cpp; path = ListMap.cpp; sourceTree = "<group>"; };
		B3BB237E21599D5900BD6E37 /* Object.hpp */ = {isa = PBXFileReference; fileEncoding = 4; lastKnownFileType = sourcecode.cpp.h; path = Object.hpp; sourceTree = "<group>"; };
		B3BB238021599D5900BD6E37 /* zzz_macro_define_DTO_.hpp */ = {isa = PBXFileReference; fileEncoding = 4; lastKnownFileType = sourcecode.cpp.h; path = zzz_macro_define_DTO_.hpp; sourceTree = "<group>"; };
		B3BB238121599D5900BD6E37 /* zzz_macro_undef_DTO_.hpp */ = {isa = PBXFileReference; fileEncoding = 4; lastKnownFileType = sourcecode.cpp.h; path = zzz_macro_undef_DTO_.hpp; sourceTree = "<group>"; };
		B3BB238221599D5900BD6E37 /* List.cpp */ = {isa = PBXFileReference; fileEncoding = 4; lastKnownFileType = sourcecode.cpp.cpp; path = List.cpp; sourceTree = "<group>"; };
		B3BB238321599D5900BD6E37 /* ListMap.hpp */ = {isa = PBXFileReference; fileEncoding = 4; lastKnownFileType = sourcecode.cpp.h; path = ListMap.hpp; sourceTree = "<group>"; };
		B3BB238421599D5900BD6E37 /* Primitive.cpp */ = {isa = PBXFileReference; fileEncoding = 4; lastKnownFileType = sourcecode.cpp.cpp; path = Primitive.cpp; sourceTree = "<group>"; };
		B3BB238521599D5900BD6E37 /* Type.cpp */ = {isa = PBXFileReference; fileEncoding = 4; lastKnownFileType = sourcecode.cpp.cpp; path = Type.cpp; sourceTree = "<group>"; };
		B3BB238621599D5900BD6E37 /* ObjectMapper.cpp */ = {isa = PBXFileReference; fileEncoding = 4; lastKnownFileType = sourcecode.cpp.cpp; path = ObjectMapper.cpp; sourceTree = "<group>"; };
		B3BB238821599D5900BD6E37 /* ChunkedBuffer.hpp */ = {isa = PBXFileReference; fileEncoding = 4; lastKnownFileType = sourcecode.cpp.h; path = ChunkedBuffer.hpp; sourceTree = "<group>"; };
		B3BB238921599D5900BD6E37 /* Delegate.cpp */ = {isa = PBXFileReference; fileEncoding = 4; lastKnownFileType = sourcecode.cpp.cpp; path = Delegate.cpp; sourceTree = "<group>"; };
		B3BB238A21599D5900BD6E37 /* StreamBufferedProxy.hpp */ = {isa = PBXFileReference; fileEncoding = 4; lastKnownFileType = sourcecode.cpp.h; path = StreamBufferedProxy.hpp; sourceTree = "<group>"; };
		B3BB238B21599D5900BD6E37 /* Stream.hpp */ = {isa = PBXFileReference; fileEncoding = 4; lastKnownFileType = sourcecode.cpp.h; path = Stream.hpp; sourceTree = "<group>"; };
		B3BB238C21599D5900BD6E37 /* Stream.cpp */ = {isa = PBXFileReference; fileEncoding = 4; lastKnownFileType = sourcecode.cpp.cpp; path = Stream.cpp; sourceTree = "<group>"; };
		B3BB238D21599D5900BD6E37 /* ChunkedBuffer.cpp */ = {isa = PBXFileReference; fileEncoding = 4; lastKnownFileType = sourcecode.cpp.cpp; path = ChunkedBuffer.cpp; sourceTree = "<group>"; };
		B3BB238E21599D5900BD6E37 /* Delegate.hpp */ = {isa = PBXFileReference; fileEncoding = 4; lastKnownFileType = sourcecode.cpp.h; path = Delegate.hpp; sourceTree = "<group>"; };
		B3BB238F21599D5900BD6E37 /* StreamBufferedProxy.cpp */ = {isa = PBXFileReference; fileEncoding = 4; lastKnownFileType = sourcecode.cpp.cpp; path = StreamBufferedProxy.cpp; sourceTree = "<group>"; };
		B3BB239121599D5900BD6E37 /* IOBuffer.cpp */ = {isa = PBXFileReference; fileEncoding = 4; lastKnownFileType = sourcecode.cpp.cpp; path = IOBuffer.cpp; sourceTree = "<group>"; };
		B3BB239221599D5900BD6E37 /* FIFOBuffer.cpp */ = {isa = PBXFileReference; fileEncoding = 4; lastKnownFileType = sourcecode.cpp.cpp; path = FIFOBuffer.cpp; sourceTree = "<group>"; };
		B3BB239321599D5900BD6E37 /* FIFOBuffer.hpp */ = {isa = PBXFileReference; fileEncoding = 4; lastKnownFileType = sourcecode.cpp.h; path = FIFOBuffer.hpp; sourceTree = "<group>"; };
		B3BB239421599D5900BD6E37 /* IOBuffer.hpp */ = {isa = PBXFileReference; fileEncoding = 4; lastKnownFileType = sourcecode.cpp.h; path = IOBuffer.hpp; sourceTree = "<group>"; };
		B3BB239621599D5900BD6E37 /* Controllable.cpp */ = {isa = PBXFileReference; fileEncoding = 4; lastKnownFileType = sourcecode.cpp.cpp; path = Controllable.cpp; sourceTree = "<group>"; };
		B3BB239721599D5900BD6E37 /* StrBuffer.hpp */ = {isa = PBXFileReference; fileEncoding = 4; lastKnownFileType = sourcecode.cpp.h; path = StrBuffer.hpp; sourceTree = "<group>"; };
		B3BB239821599D5900BD6E37 /* Environment.cpp */ = {isa = PBXFileReference; fileEncoding = 4; lastKnownFileType = sourcecode.cpp.cpp; path = Environment.cpp; sourceTree = "<group>"; };
		B3BB239A21599D5900BD6E37 /* MemoryPool.hpp */ = {isa = PBXFileReference; fileEncoding = 4; lastKnownFileType = sourcecode.cpp.h; path = MemoryPool.hpp; sourceTree = "<group>"; };
		B3BB239B21599D5900BD6E37 /* ObjectPool.hpp */ = {isa = PBXFileReference; fileEncoding = 4; lastKnownFileType = sourcecode.cpp.h; path = ObjectPool.hpp; sourceTree = "<group>"; };
		B3BB239C21599D5900BD6E37 /* Allocator.hpp */ = {isa = PBXFileReference; fileEncoding = 4; lastKnownFileType = sourcecode.cpp.h; path = Allocator.hpp; sourceTree = "<group>"; };
		B3BB239D21599D5900BD6E37 /* Allocator.cpp */ = {isa = PBXFileReference; fileEncoding = 4; lastKnownFileType = sourcecode.cpp.cpp; path = Allocator.cpp; sourceTree = "<group>"; };
		B3BB239E21599D5900BD6E37 /* MemoryPool.cpp */ = {isa = PBXFileReference; fileEncoding = 4; lastKnownFileType = sourcecode.cpp.cpp; path = MemoryPool.cpp; sourceTree = "<group>"; };
		B3BB239F21599D5900BD6E37 /* ObjectPool.cpp */ = {isa = PBXFileReference; fileEncoding = 4; lastKnownFileType = sourcecode.cpp.cpp; path = ObjectPool.cpp; sourceTree = "<group>"; };
		B3BB23A021599D5900BD6E37 /* Config.hpp */ = {isa = PBXFileReference; fileEncoding = 4; lastKnownFileType = sourcecode.cpp.h; path = Config.hpp; sourceTree = "<group>"; };
		B3BB23A121599D5900BD6E37 /* Controllable.hpp */ = {isa = PBXFileReference; fileEncoding = 4; lastKnownFileType = sourcecode.cpp.h; path = Controllable.hpp; sourceTree = "<group>"; };
		B3BB23A221599D5900BD6E37 /* StrBuffer.cpp */ = {isa = PBXFileReference; fileEncoding = 4; lastKnownFileType = sourcecode.cpp.cpp; path = StrBuffer.cpp; sourceTree = "<group>"; };
		B3BB23A321599D5900BD6E37 /* Environment.hpp */ = {isa = PBXFileReference; fileEncoding = 4; lastKnownFileType = sourcecode.cpp.h; path = Environment.hpp; sourceTree = "<group>"; };
		B3BB23A421599D5900BD6E37 /* LICENSE */ = {isa = PBXFileReference; fileEncoding = 4; lastKnownFileType = text; path = LICENSE; sourceTree = "<group>"; };
		B3BB23A821599D5900BD6E37 /* RegRuleTest.hpp */ = {isa = PBXFileReference; fileEncoding = 4; lastKnownFileType = sourcecode.cpp.h; path = RegRuleTest.hpp; sourceTree = "<group>"; };
		B3BB23AA21599D5900BD6E37 /* LinkedListTest.cpp */ = {isa = PBXFileReference; fileEncoding = 4; lastKnownFileType = sourcecode.cpp.cpp; path = LinkedListTest.cpp; sourceTree = "<group>"; };
		B3BB23AB21599D5900BD6E37 /* LinkedListTest.hpp */ = {isa = PBXFileReference; fileEncoding = 4; lastKnownFileType = sourcecode.cpp.h; path = LinkedListTest.hpp; sourceTree = "<group>"; };
		B3BB23AD21599D5900BD6E37 /* MemoryPoolTest.hpp */ = {isa = PBXFileReference; fileEncoding = 4; lastKnownFileType = sourcecode.cpp.h; path = MemoryPoolTest.hpp; sourceTree = "<group>"; };
		B3BB23AE21599D5900BD6E37 /* PerfTest.hpp */ = {isa = PBXFileReference; fileEncoding = 4; lastKnownFileType = sourcecode.cpp.h; path = PerfTest.hpp; sourceTree = "<group>"; };
		B3BB23AF21599D5900BD6E37 /* PerfTest.cpp */ = {isa = PBXFileReference; fileEncoding = 4; lastKnownFileType = sourcecode.cpp.cpp; path = PerfTest.cpp; sourceTree = "<group>"; };
		B3BB23B021599D5900BD6E37 /* MemoryPoolTest.cpp */ = {isa = PBXFileReference; fileEncoding = 4; lastKnownFileType = sourcecode.cpp.cpp; path = MemoryPoolTest.cpp; sourceTree = "<group>"; };
		B3BB23B121599D5900BD6E37 /* RegRuleTest.cpp */ = {isa = PBXFileReference; fileEncoding = 4; lastKnownFileType = sourcecode.cpp.cpp; path = RegRuleTest.cpp; sourceTree = "<group>"; };
		B3BB23B221599D5900BD6E37 /* UnitTest.hpp */ = {isa = PBXFileReference; fileEncoding = 4; lastKnownFileType = sourcecode.cpp.h; path = UnitTest.hpp; sourceTree = "<group>"; };
		B3BB23B421599D5900BD6E37 /* UnicodeTest.cpp */ = {isa = PBXFileReference; fileEncoding = 4; lastKnownFileType = sourcecode.cpp.cpp; path = UnicodeTest.cpp; sourceTree = "<group>"; };
		B3BB23B521599D5900BD6E37 /* UnicodeTest.hpp */ = {isa = PBXFileReference; fileEncoding = 4; lastKnownFileType = sourcecode.cpp.h; path = UnicodeTest.hpp; sourceTree = "<group>"; };
		B3BB23B921599D5900BD6E37 /* DTOMapperPerfTest.cpp */ = {isa = PBXFileReference; fileEncoding = 4; lastKnownFileType = sourcecode.cpp.cpp; path = DTOMapperPerfTest.cpp; sourceTree = "<group>"; };
		B3BB23BA21599D5900BD6E37 /* DeserializerTest.cpp */ = {isa = PBXFileReference; fileEncoding = 4; lastKnownFileType = sourcecode.cpp.cpp; path = DeserializerTest.cpp; sourceTree = "<group>"; };
		B3BB23BB21599D5900BD6E37 /* DTOMapperTest.hpp */ = {isa = PBXFileReference; fileEncoding = 4; lastKnownFileType = sourcecode.cpp.h; path = DTOMapperTest.hpp; sourceTree = "<group>"; };
		B3BB23BC21599D5900BD6E37 /* DTOMapperTest.cpp */ = {isa = PBXFileReference; fileEncoding = 4; lastKnownFileType = sourcecode.cpp.cpp; path = DTOMapperTest.cpp; sourceTree = "<group>"; };
		B3BB23BD21599D5900BD6E37 /* DTOMapperPerfTest.hpp */ = {isa = PBXFileReference; fileEncoding = 4; lastKnownFileType = sourcecode.cpp.h; path = DTOMapperPerfTest.hpp; sourceTree = "<group>"; };
		B3BB23BE21599D5900BD6E37 /* DeserializerTest.hpp */ = {isa = PBXFileReference; fileEncoding = 4; lastKnownFileType = sourcecode.cpp.h; path = DeserializerTest.hpp; sourceTree = "<group>"; };
		B3BB23BF21599D5900BD6E37 /* Checker.hpp */ = {isa = PBXFileReference; fileEncoding = 4; lastKnownFileType = sourcecode.cpp.h; path = Checker.hpp; sourceTree = "<group>"; };
		B3BB23C021599D5900BD6E37 /* Checker.cpp */ = {isa = PBXFileReference; fileEncoding = 4; lastKnownFileType = sourcecode.cpp.cpp; path = Checker.cpp; sourceTree = "<group>"; };
		B3BB23C121599D5900BD6E37 /* UnitTest.cpp */ = {isa = PBXFileReference; fileEncoding = 4; lastKnownFileType = sourcecode.cpp.cpp; path = UnitTest.cpp; sourceTree = "<group>"; };
		B3BB23C521599D5900BD6E37 /* Interceptor.hpp */ = {isa = PBXFileReference; fileEncoding = 4; lastKnownFileType = sourcecode.cpp.h; path = Interceptor.hpp; sourceTree = "<group>"; };
		B3BB23C621599D5900BD6E37 /* ErrorHandler.cpp */ = {isa = PBXFileReference; fileEncoding = 4; lastKnownFileType = sourcecode.cpp.cpp; path = ErrorHandler.cpp; sourceTree = "<group>"; };
		B3BB23C721599D5900BD6E37 /* Interceptor.cpp */ = {isa = PBXFileReference; fileEncoding = 4; lastKnownFileType = sourcecode.cpp.cpp; path = Interceptor.cpp; sourceTree = "<group>"; };
		B3BB23C821599D5900BD6E37 /* ErrorHandler.hpp */ = {isa = PBXFileReference; fileEncoding = 4; lastKnownFileType = sourcecode.cpp.h; path = ErrorHandler.hpp; sourceTree = "<group>"; };
		B3BB23C921599D5900BD6E37 /* AsyncHttpConnectionHandler.cpp */ = {isa = PBXFileReference; fileEncoding = 4; lastKnownFileType = sourcecode.cpp.cpp; path = AsyncHttpConnectionHandler.cpp; sourceTree = "<group>"; };
		B3BB23CA21599D5900BD6E37 /* HttpRouter.hpp */ = {isa = PBXFileReference; fileEncoding = 4; lastKnownFileType = sourcecode.cpp.h; path = HttpRouter.hpp; sourceTree = "<group>"; };
		B3BB23CB21599D5900BD6E37 /* HttpError.cpp */ = {isa = PBXFileReference; fileEncoding = 4; lastKnownFileType = sourcecode.cpp.cpp; path = HttpError.cpp; sourceTree = "<group>"; };
		B3BB23CC21599D5900BD6E37 /* HttpProcessor.hpp */ = {isa = PBXFileReference; fileEncoding = 4; lastKnownFileType = sourcecode.cpp.h; path = HttpProcessor.hpp; sourceTree = "<group>"; };
		B3BB23CD21599D5900BD6E37 /* HttpConnectionHandler.hpp */ = {isa = PBXFileReference; fileEncoding = 4; lastKnownFileType = sourcecode.cpp.h; path = HttpConnectionHandler.hpp; sourceTree = "<group>"; };
		B3BB23CE21599D5900BD6E37 /* HttpProcessor.cpp */ = {isa = PBXFileReference; fileEncoding = 4; lastKnownFileType = sourcecode.cpp.cpp; path = HttpProcessor.cpp; sourceTree = "<group>"; };
		B3BB23CF21599D5900BD6E37 /* HttpConnectionHandler.cpp */ = {isa = PBXFileReference; fileEncoding = 4; lastKnownFileType = sourcecode.cpp.cpp; path = HttpConnectionHandler.cpp; sourceTree = "<group>"; };
		B3BB23D121599D5900BD6E37 /* ApiController.hpp */ = {isa = PBXFileReference; fileEncoding = 4; lastKnownFileType = sourcecode.cpp.h; path = ApiController.hpp; sourceTree = "<group>"; };
		B3BB23D221599D5900BD6E37 /* Endpoint.cpp */ = {isa = PBXFileReference; fileEncoding = 4; lastKnownFileType = sourcecode.cpp.cpp; path = Endpoint.cpp; sourceTree = "<group>"; };
		B3BB23D421599D5900BD6E37 /* zzz_macro_define_ApiController_.hpp */ = {isa = PBXFileReference; fileEncoding = 4; lastKnownFileType = sourcecode.cpp.h; path = zzz_macro_define_ApiController_.hpp; sourceTree = "<group>"; };
		B3BB23D521599D5900BD6E37 /* zzz_macro_undef_ApiController_.hpp */ = {isa = PBXFileReference; fileEncoding = 4; lastKnownFileType = sourcecode.cpp.h; path = zzz_macro_undef_ApiController_.hpp; sourceTree = "<group>"; };
		B3BB23D621599D5900BD6E37 /* Endpoint.hpp */ = {isa = PBXFileReference; fileEncoding = 4; lastKnownFileType = sourcecode.cpp.h; path = Endpoint.hpp; sourceTree = "<group>"; };
		B3BB23D721599D5900BD6E37 /* ApiController.cpp */ = {isa = PBXFileReference; fileEncoding = 4; lastKnownFileType = sourcecode.cpp.cpp; path = ApiController.cpp; sourceTree = "<group>"; };
		B3BB23D821599D5900BD6E37 /* AsyncHttpConnectionHandler.hpp */ = {isa = PBXFileReference; fileEncoding = 4; lastKnownFileType = sourcecode.cpp.h; path = AsyncHttpConnectionHandler.hpp; sourceTree = "<group>"; };
		B3BB23D921599D5900BD6E37 /* HttpRouter.cpp */ = {isa = PBXFileReference; fileEncoding = 4; lastKnownFileType = sourcecode.cpp.cpp; path = HttpRouter.cpp; sourceTree = "<group>"; };
		B3BB23DA21599D5900BD6E37 /* HttpError.hpp */ = {isa = PBXFileReference; fileEncoding = 4; lastKnownFileType = sourcecode.cpp.h; path = HttpError.hpp; sourceTree = "<group>"; };
		B3BB23DE21599D5900BD6E37 /* CommunicationUtils.cpp */ = {isa = PBXFileReference; fileEncoding = 4; lastKnownFileType = sourcecode.cpp.cpp; path = CommunicationUtils.cpp; sourceTree = "<group>"; };
		B3BB23DF21599D5900BD6E37 /* ResponseFactory.hpp */ = {isa = PBXFileReference; fileEncoding = 4; lastKnownFileType = sourcecode.cpp.h; path = ResponseFactory.hpp; sourceTree = "<group>"; };
		B3BB23E021599D5900BD6E37 /* ChunkedBufferBody.cpp */ = {isa = PBXFileReference; fileEncoding = 4; lastKnownFileType = sourcecode.cpp.cpp; path = ChunkedBufferBody.cpp; sourceTree = "<group>"; };
		B3BB23E121599D5900BD6E37 /* Body.hpp */ = {isa = PBXFileReference; fileEncoding = 4; lastKnownFileType = sourcecode.cpp.h; path = Body.hpp; sourceTree = "<group>"; };
		B3BB23E221599D5900BD6E37 /* Request.cpp */ = {isa = PBXFileReference; fileEncoding = 4; lastKnownFileType = sourcecode.cpp.cpp; path = Request.cpp; sourceTree = "<group>"; };
		B3BB23E321599D5900BD6E37 /* Response.hpp */ = {isa = PBXFileReference; fileEncoding = 4; lastKnownFileType = sourcecode.cpp.h; path = Response.hpp; sourceTree = "<group>"; };
		B3BB23E421599D5900BD6E37 /* DtoBody.cpp */ = {isa = PBXFileReference; fileEncoding = 4; lastKnownFileType = sourcecode.cpp.cpp; path = DtoBody.cpp; sourceTree = "<group>"; };
		B3BB23E521599D5900BD6E37 /* BufferBody.hpp */ = {isa = PBXFileReference; fileEncoding = 4; lastKnownFileType = sourcecode.cpp.h; path = BufferBody.hpp; sourceTree = "<group>"; };
		B3BB23E621599D5900BD6E37 /* Body.cpp */ = {isa = PBXFileReference; fileEncoding = 4; lastKnownFileType = sourcecode.cpp.cpp; path = Body.cpp; sourceTree = "<group>"; };
		B3BB23E721599D5900BD6E37 /* Request.hpp */ = {isa = PBXFileReference; fileEncoding = 4; lastKnownFileType = sourcecode.cpp.h; path = Request.hpp; sourceTree = "<group>"; };
		B3BB23E821599D5900BD6E37 /* DtoBody.hpp */ = {isa = PBXFileReference; fileEncoding = 4; lastKnownFileType = sourcecode.cpp.h; path = DtoBody.hpp; sourceTree = "<group>"; };
		B3BB23E921599D5900BD6E37 /* Response.cpp */ = {isa = PBXFileReference; fileEncoding = 4; lastKnownFileType = sourcecode.cpp.cpp; path = Response.cpp; sourceTree = "<group>"; };
		B3BB23EA21599D5900BD6E37 /* BufferBody.cpp */ = {isa = PBXFileReference; fileEncoding = 4; lastKnownFileType = sourcecode.cpp.cpp; path = BufferBody.cpp; sourceTree = "<group>"; };
		B3BB23EB21599D5900BD6E37 /* CommunicationUtils.hpp */ = {isa = PBXFileReference; fileEncoding = 4; lastKnownFileType = sourcecode.cpp.h; path = CommunicationUtils.hpp; sourceTree = "<group>"; };
		B3BB23EC21599D5900BD6E37 /* ResponseFactory.cpp */ = {isa = PBXFileReference; fileEncoding = 4; lastKnownFileType = sourcecode.cpp.cpp; path = ResponseFactory.cpp; sourceTree = "<group>"; };
		B3BB23ED21599D5900BD6E37 /* ChunkedBufferBody.hpp */ = {isa = PBXFileReference; fileEncoding = 4; lastKnownFileType = sourcecode.cpp.h; path = ChunkedBufferBody.hpp; sourceTree = "<group>"; };
		B3BB23EE21599D5900BD6E37 /* Http.hpp */ = {isa = PBXFileReference; fileEncoding = 4; lastKnownFileType = sourcecode.cpp.h; path = Http.hpp; sourceTree = "<group>"; };
		B3BB23EF21599D5900BD6E37 /* Http.cpp */ = {isa = PBXFileReference; fileEncoding = 4; lastKnownFileType = sourcecode.cpp.cpp; path = Http.cpp; sourceTree = "<group>"; };
		B3BB23F121599D5900BD6E37 /* Request.cpp */ = {isa = PBXFileReference; fileEncoding = 4; lastKnownFileType = sourcecode.cpp.cpp; path = Request.cpp; sourceTree = "<group>"; };
		B3BB23F221599D5900BD6E37 /* Response.hpp */ = {isa = PBXFileReference; fileEncoding = 4; lastKnownFileType = sourcecode.cpp.h; path = Response.hpp; sourceTree = "<group>"; };
		B3BB23F321599D5900BD6E37 /* BodyDecoder.cpp */ = {isa = PBXFileReference; fileEncoding = 4; lastKnownFileType = sourcecode.cpp.cpp; path = BodyDecoder.cpp; sourceTree = "<group>"; };
		B3BB23F421599D5900BD6E37 /* Request.hpp */ = {isa = PBXFileReference; fileEncoding = 4; lastKnownFileType = sourcecode.cpp.h; path = Request.hpp; sourceTree = "<group>"; };
		B3BB23F521599D5900BD6E37 /* Response.cpp */ = {isa = PBXFileReference; fileEncoding = 4; lastKnownFileType = sourcecode.cpp.cpp; path = Response.cpp; sourceTree = "<group>"; };
		B3BB23F621599D5900BD6E37 /* BodyDecoder.hpp */ = {isa = PBXFileReference; fileEncoding = 4; lastKnownFileType = sourcecode.cpp.h; path = BodyDecoder.hpp; sourceTree = "<group>"; };
		B3BB23F921599D5900BD6E37 /* Router.cpp */ = {isa = PBXFileReference; fileEncoding = 4; lastKnownFileType = sourcecode.cpp.cpp; path = Router.cpp; sourceTree = "<group>"; };
		B3BB23FA21599D5900BD6E37 /* Subscriber.cpp */ = {isa = PBXFileReference; fileEncoding = 4; lastKnownFileType = sourcecode.cpp.cpp; path = Subscriber.cpp; sourceTree = "<group>"; };
		B3BB23FB21599D5900BD6E37 /* Pattern.hpp */ = {isa = PBXFileReference; fileEncoding = 4; lastKnownFileType = sourcecode.cpp.h; path = Pattern.hpp; sourceTree = "<group>"; };
		B3BB23FC21599D5900BD6E37 /* Router.hpp */ = {isa = PBXFileReference; fileEncoding = 4; lastKnownFileType = sourcecode.cpp.h; path = Router.hpp; sourceTree = "<group>"; };
		B3BB23FD21599D5900BD6E37 /* Subscriber.hpp */ = {isa = PBXFileReference; fileEncoding = 4; lastKnownFileType = sourcecode.cpp.h; path = Subscriber.hpp; sourceTree = "<group>"; };
		B3BB23FE21599D5900BD6E37 /* Pattern.cpp */ = {isa = PBXFileReference; fileEncoding = 4; lastKnownFileType = sourcecode.cpp.cpp; path = Pattern.cpp; sourceTree = "<group>"; };
		B3BB240021599D5900BD6E37 /* RequestExecutor.cpp */ = {isa = PBXFileReference; fileEncoding = 4; lastKnownFileType = sourcecode.cpp.cpp; path = RequestExecutor.cpp; sourceTree = "<group>"; };
		B3BB240121599D5900BD6E37 /* HttpRequestExecutor.hpp */ = {isa = PBXFileReference; fileEncoding = 4; lastKnownFileType = sourcecode.cpp.h; path = HttpRequestExecutor.hpp; sourceTree = "<group>"; };
		B3BB240221599D5900BD6E37 /* ApiClient.cpp */ = {isa = PBXFileReference; fileEncoding = 4; lastKnownFileType = sourcecode.cpp.cpp; path = ApiClient.cpp; sourceTree = "<group>"; };
		B3BB240421599D5900BD6E37 /* zzz_macro_define_ApiClient_.hpp */ = {isa = PBXFileReference; fileEncoding = 4; lastKnownFileType = sourcecode.cpp.h; path = zzz_macro_define_ApiClient_.hpp; sourceTree = "<group>"; };
		B3BB240521599D5900BD6E37 /* zzz_macro_undef_ApiClient_.hpp */ = {isa = PBXFileReference; fileEncoding = 4; lastKnownFileType = sourcecode.cpp.h; path = zzz_macro_undef_ApiClient_.hpp; sourceTree = "<group>"; };
		B3BB240621599D5900BD6E37 /* ApiClient.hpp */ = {isa = PBXFileReference; fileEncoding = 4; lastKnownFileType = sourcecode.cpp.h; path = ApiClient.hpp; sourceTree = "<group>"; };
		B3BB240721599D5900BD6E37 /* RequestExecutor.hpp */ = {isa = PBXFileReference; fileEncoding = 4; lastKnownFileType = sourcecode.cpp.h; path = RequestExecutor.hpp; sourceTree = "<group>"; };
		B3BB240821599D5900BD6E37 /* HttpRequestExecutor.cpp */ = {isa = PBXFileReference; fileEncoding = 4; lastKnownFileType = sourcecode.cpp.cpp; path = HttpRequestExecutor.cpp; sourceTree = "<group>"; };
		B3BB240A21599D5900BD6E37 /* Connection.hpp */ = {isa = PBXFileReference; fileEncoding = 4; lastKnownFileType = sourcecode.cpp.h; path = Connection.hpp; sourceTree = "<group>"; };
		B3BB240B21599D5900BD6E37 /* Url.cpp */ = {isa = PBXFileReference; fileEncoding = 4; lastKnownFileType = sourcecode.cpp.cpp; path = Url.cpp; sourceTree = "<group>"; };
		B3BB240D21599D5900BD6E37 /* Pipe.cpp */ = {isa = PBXFileReference; fileEncoding = 4; lastKnownFileType = sourcecode.cpp.cpp; path = Pipe.cpp; sourceTree = "<group>"; };
		B3BB240E21599D5900BD6E37 /* Socket.cpp */ = {isa = PBXFileReference; fileEncoding = 4; lastKnownFileType = sourcecode.cpp.cpp; path = Socket.cpp; sourceTree = "<group>"; };
		B3BB240F21599D5900BD6E37 /* Socket.hpp */ = {isa = PBXFileReference; fileEncoding = 4; lastKnownFileType = sourcecode.cpp.h; path = Socket.hpp; sourceTree = "<group>"; };
		B3BB241021599D5900BD6E37 /* Pipe.hpp */ = {isa = PBXFileReference; fileEncoding = 4; lastKnownFileType = sourcecode.cpp.h; path = Pipe.hpp; sourceTree = "<group>"; };
		B3BB241221599D5900BD6E37 /* Server.hpp */ = {isa = PBXFileReference; fileEncoding = 4; lastKnownFileType = sourcecode.cpp.h; path = Server.hpp; sourceTree = "<group>"; };
		B3BB241321599D5900BD6E37 /* SimpleTCPConnectionProvider.hpp */ = {isa = PBXFileReference; fileEncoding = 4; lastKnownFileType = sourcecode.cpp.h; path = SimpleTCPConnectionProvider.hpp; sourceTree = "<group>"; };
		B3BB241421599D5900BD6E37 /* ConnectionHandler.hpp */ = {isa = PBXFileReference; fileEncoding = 4; lastKnownFileType = sourcecode.cpp.h; path = ConnectionHandler.hpp; sourceTree = "<group>"; };
		B3BB241521599D5900BD6E37 /* SimpleTCPConnectionProvider.cpp */ = {isa = PBXFileReference; fileEncoding = 4; lastKnownFileType = sourcecode.cpp.cpp; path = SimpleTCPConnectionProvider.cpp; sourceTree = "<group>"; };
		B3BB241621599D5900BD6E37 /* ConnectionHandler.cpp */ = {isa = PBXFileReference; fileEncoding = 4; lastKnownFileType = sourcecode.cpp.cpp; path = ConnectionHandler.cpp; sourceTree = "<group>"; };
		B3BB241721599D5900BD6E37 /* Server.cpp */ = {isa = PBXFileReference; fileEncoding = 4; lastKnownFileType = sourcecode.cpp.cpp; path = Server.cpp; sourceTree = "<group>"; };
		B3BB241821599D5900BD6E37 /* ConnectionProvider.hpp */ = {isa = PBXFileReference; fileEncoding = 4; lastKnownFileType = sourcecode.cpp.h; path = ConnectionProvider.hpp; sourceTree = "<group>"; };
		B3BB241921599D5900BD6E37 /* Url.hpp */ = {isa = PBXFileReference; fileEncoding = 4; lastKnownFileType = sourcecode.cpp.h; path = Url.hpp; sourceTree = "<group>"; };
		B3BB241A21599D5900BD6E37 /* ConnectionProvider.cpp */ = {isa = PBXFileReference; fileEncoding = 4; lastKnownFileType = sourcecode.cpp.cpp; path = ConnectionProvider.cpp; sourceTree = "<group>"; };
		B3BB241B21599D5900BD6E37 /* Connection.cpp */ = {isa = PBXFileReference; fileEncoding = 4; lastKnownFileType = sourcecode.cpp.cpp; path = Connection.cpp; sourceTree = "<group>"; };
		B3BB241D21599D5900BD6E37 /* SimpleTCPConnectionProvider.hpp */ = {isa = PBXFileReference; fileEncoding = 4; lastKnownFileType = sourcecode.cpp.h; path = SimpleTCPConnectionProvider.hpp; sourceTree = "<group>"; };
		B3BB241E21599D5900BD6E37 /* SimpleTCPConnectionProvider.cpp */ = {isa = PBXFileReference; fileEncoding = 4; lastKnownFileType = sourcecode.cpp.cpp; path = SimpleTCPConnectionProvider.cpp; sourceTree = "<group>"; };
		B3BB242021599D5900BD6E37 /* Unicode.hpp */ = {isa = PBXFileReference; fileEncoding = 4; lastKnownFileType = sourcecode.cpp.h; path = Unicode.hpp; sourceTree = "<group>"; };
		B3BB242121599D5900BD6E37 /* Base64.cpp */ = {isa = PBXFileReference; fileEncoding = 4; lastKnownFileType = sourcecode.cpp.cpp; path = Base64.cpp; sourceTree = "<group>"; };
		B3BB242221599D5900BD6E37 /* Hex.hpp */ = {isa = PBXFileReference; fileEncoding = 4; lastKnownFileType = sourcecode.cpp.h; path = Hex.hpp; sourceTree = "<group>"; };
		B3BB242321599D5900BD6E37 /* Hex.cpp */ = {isa = PBXFileReference; fileEncoding = 4; lastKnownFileType = sourcecode.cpp.cpp; path = Hex.cpp; sourceTree = "<group>"; };
		B3BB242421599D5900BD6E37 /* Unicode.cpp */ = {isa = PBXFileReference; fileEncoding = 4; lastKnownFileType = sourcecode.cpp.cpp; path = Unicode.cpp; sourceTree = "<group>"; };
		B3BB242521599D5900BD6E37 /* Base64.hpp */ = {isa = PBXFileReference; fileEncoding = 4; lastKnownFileType = sourcecode.cpp.h; path = Base64.hpp; sourceTree = "<group>"; };
		B3BB242721599D5900BD6E37 /* CRC.cpp */ = {isa = PBXFileReference; fileEncoding = 4; lastKnownFileType = sourcecode.cpp.cpp; path = CRC.cpp; sourceTree = "<group>"; };
		B3BB242821599D5900BD6E37 /* CRC.hpp */ = {isa = PBXFileReference; fileEncoding = 4; lastKnownFileType = sourcecode.cpp.h; path = CRC.hpp; sourceTree = "<group>"; };
		B3BB242C21599D5900BD6E37 /* Serializer.hpp */ = {isa = PBXFileReference; fileEncoding = 4; lastKnownFileType = sourcecode.cpp.h; path = Serializer.hpp; sourceTree = "<group>"; };
		B3BB242D21599D5900BD6E37 /* Deserializer.hpp */ = {isa = PBXFileReference; fileEncoding = 4; lastKnownFileType = sourcecode.cpp.h; path = Deserializer.hpp; sourceTree = "<group>"; };
		B3BB242E21599D5900BD6E37 /* ObjectMapper.hpp */ = {isa = PBXFileReference; fileEncoding = 4; lastKnownFileType = sourcecode.cpp.h; path = ObjectMapper.hpp; sourceTree = "<group>"; };
		B3BB242F21599D5900BD6E37 /* Deserializer.cpp */ = {isa = PBXFileReference; fileEncoding = 4; lastKnownFileType = sourcecode.cpp.cpp; path = Deserializer.cpp; sourceTree = "<group>"; };
		B3BB243021599D5900BD6E37 /* ObjectMapper.cpp */ = {isa = PBXFileReference; fileEncoding = 4; lastKnownFileType = sourcecode.cpp.cpp; path = ObjectMapper.cpp; sourceTree = "<group>"; };
		B3BB243121599D5900BD6E37 /* Serializer.cpp */ = {isa = PBXFileReference; fileEncoding = 4; lastKnownFileType = sourcecode.cpp.cpp; path = Serializer.cpp; sourceTree = "<group>"; };
		B3BB243221599D5900BD6E37 /* Utils.cpp */ = {isa = PBXFileReference; fileEncoding = 4; lastKnownFileType = sourcecode.cpp.cpp; path = Utils.cpp; sourceTree = "<group>"; };
		B3BB243321599D5900BD6E37 /* Utils.hpp */ = {isa = PBXFileReference; fileEncoding = 4; lastKnownFileType = sourcecode.cpp.h; path = Utils.hpp; sourceTree = "<group>"; };
		B3BB243421599D5900BD6E37 /* README.md */ = {isa = PBXFileReference; fileEncoding = 4; lastKnownFileType = net.daringfireball.markdown; path = README.md; sourceTree = "<group>"; };
		B3BB243521599D5900BD6E37 /* .gitignore */ = {isa = PBXFileReference; fileEncoding = 4; lastKnownFileType = text; path = .gitignore; sourceTree = "<group>"; };
/* End PBXFileReference section */

/* Begin PBXFrameworksBuildPhase section */
		B38DB6C3214311CD00F3896A /* Frameworks */ = {
			isa = PBXFrameworksBuildPhase;
			buildActionMask = 2147483647;
			files = (
			);
			runOnlyForDeploymentPostprocessing = 0;
		};
/* End PBXFrameworksBuildPhase section */

/* Begin PBXGroup section */
		B37D4A9D214E89F00001AE17 /* src */ = {
			isa = PBXGroup;
			children = (
				B37D4A9E214E89F00001AE17 /* Logger.hpp */,
				B37D4A9F214E89F00001AE17 /* main.cpp */,
			);
			path = src;
			sourceTree = "<group>";
		};
		B38DB6BD214311CD00F3896A = {
			isa = PBXGroup;
			children = (
				B3BB235021599D5900BD6E37 /* oatpp */,
				B37D4A9D214E89F00001AE17 /* src */,
				B38DB6C7214311CD00F3896A /* Products */,
			);
			indentWidth = 2;
			sourceTree = "<group>";
			tabWidth = 2;
		};
		B38DB6C7214311CD00F3896A /* Products */ = {
			isa = PBXGroup;
			children = (
				B38DB6C6214311CD00F3896A /* benchmark-http */,
			);
			name = Products;
			sourceTree = "<group>";
		};
		B3BB235021599D5900BD6E37 /* oatpp */ = {
			isa = PBXGroup;
			children = (
				B3BB235121599D5900BD6E37 /* core */,
				B3BB23A421599D5900BD6E37 /* LICENSE */,
				B3BB23A521599D5900BD6E37 /* test */,
				B3BB23C221599D5900BD6E37 /* web */,
				B3BB240921599D5900BD6E37 /* network */,
				B3BB241F21599D5900BD6E37 /* encoding */,
				B3BB242621599D5900BD6E37 /* algorithm */,
				B3BB242921599D5900BD6E37 /* parser */,
				B3BB243421599D5900BD6E37 /* README.md */,
				B3BB243521599D5900BD6E37 /* .gitignore */,
			);
			name = oatpp;
			path = ../lib/oatpp;
			sourceTree = "<group>";
		};
		B3BB235121599D5900BD6E37 /* core */ = {
			isa = PBXGroup;
			children = (
				B3BB235221599D5900BD6E37 /* Types.cpp */,
				B3BB235321599D5900BD6E37 /* collection */,
				B3BB235A21599D5900BD6E37 /* async */,
				B3BB235F21599D5900BD6E37 /* utils */,
				B3BB236221599D5900BD6E37 /* parser */,
				B3BB236521599D5900BD6E37 /* concurrency */,
				B3BB236C21599D5900BD6E37 /* macro */,
				B3BB237021599D5900BD6E37 /* os */,
				B3BB237421599D5900BD6E37 /* Types.hpp */,
				B3BB237521599D5900BD6E37 /* data */,
				B3BB239521599D5900BD6E37 /* base */,
			);
			path = core;
			sourceTree = "<group>";
		};
		B3BB235321599D5900BD6E37 /* collection */ = {
			isa = PBXGroup;
			children = (
				B3BB235421599D5900BD6E37 /* LinkedList.cpp */,
				B3BB235521599D5900BD6E37 /* FastQueue.cpp */,
				B3BB235621599D5900BD6E37 /* ListMap.cpp */,
				B3BB235721599D5900BD6E37 /* FastQueue.hpp */,
				B3BB235821599D5900BD6E37 /* ListMap.hpp */,
				B3BB235921599D5900BD6E37 /* LinkedList.hpp */,
			);
			path = collection;
			sourceTree = "<group>";
		};
		B3BB235A21599D5900BD6E37 /* async */ = {
			isa = PBXGroup;
			children = (
				B3BB235B21599D5900BD6E37 /* Processor.cpp */,
				B3BB235C21599D5900BD6E37 /* Coroutine.cpp */,
				B3BB235D21599D5900BD6E37 /* Processor.hpp */,
				B3BB235E21599D5900BD6E37 /* Coroutine.hpp */,
			);
			path = async;
			sourceTree = "<group>";
		};
		B3BB235F21599D5900BD6E37 /* utils */ = {
			isa = PBXGroup;
			children = (
				B3BB236021599D5900BD6E37 /* ConversionUtils.hpp */,
				B3BB236121599D5900BD6E37 /* ConversionUtils.cpp */,
			);
			path = utils;
			sourceTree = "<group>";
		};
		B3BB236221599D5900BD6E37 /* parser */ = {
			isa = PBXGroup;
			children = (
				B3BB236321599D5900BD6E37 /* ParsingCaret.cpp */,
				B3BB236421599D5900BD6E37 /* ParsingCaret.hpp */,
			);
			path = parser;
			sourceTree = "<group>";
		};
		B3BB236521599D5900BD6E37 /* concurrency */ = {
			isa = PBXGroup;
			children = (
				B3BB236621599D5900BD6E37 /* Runnable.cpp */,
				B3BB236721599D5900BD6E37 /* SpinLock.cpp */,
				B3BB236821599D5900BD6E37 /* Thread.cpp */,
				B3BB236921599D5900BD6E37 /* Runnable.hpp */,
				B3BB236A21599D5900BD6E37 /* SpinLock.hpp */,
				B3BB236B21599D5900BD6E37 /* Thread.hpp */,
			);
			path = concurrency;
			sourceTree = "<group>";
		};
		B3BB236C21599D5900BD6E37 /* macro */ = {
			isa = PBXGroup;
			children = (
				B3BB236D21599D5900BD6E37 /* codegen.hpp */,
				B3BB236E21599D5900BD6E37 /* component.hpp */,
				B3BB236F21599D5900BD6E37 /* basic.hpp */,
			);
			path = macro;
			sourceTree = "<group>";
		};
		B3BB237021599D5900BD6E37 /* os */ = {
			isa = PBXGroup;
			children = (
				B3BB237121599D5900BD6E37 /* io */,
			);
			path = os;
			sourceTree = "<group>";
		};
		B3BB237121599D5900BD6E37 /* io */ = {
			isa = PBXGroup;
			children = (
				B3BB237221599D5900BD6E37 /* Library.hpp */,
				B3BB237321599D5900BD6E37 /* Library.cpp */,
			);
			path = io;
			sourceTree = "<group>";
		};
		B3BB237521599D5900BD6E37 /* data */ = {
			isa = PBXGroup;
			children = (
				B3BB237621599D5900BD6E37 /* mapping */,
				B3BB238721599D5900BD6E37 /* stream */,
				B3BB239021599D5900BD6E37 /* buffer */,
			);
			path = data;
			sourceTree = "<group>";
		};
		B3BB237621599D5900BD6E37 /* mapping */ = {
			isa = PBXGroup;
			children = (
				B3BB237721599D5900BD6E37 /* ObjectMapper.hpp */,
				B3BB237821599D5900BD6E37 /* type */,
				B3BB238621599D5900BD6E37 /* ObjectMapper.cpp */,
			);
			path = mapping;
			sourceTree = "<group>";
		};
		B3BB237821599D5900BD6E37 /* type */ = {
			isa = PBXGroup;
			children = (
				B3BB237921599D5900BD6E37 /* Primitive.hpp */,
				B3BB237A21599D5900BD6E37 /* Type.hpp */,
				B3BB237B21599D5900BD6E37 /* Object.cpp */,
				B3BB237C21599D5900BD6E37 /* List.hpp */,
				B3BB237D21599D5900BD6E37 /* ListMap.cpp */,
				B3BB237E21599D5900BD6E37 /* Object.hpp */,
				B3BB237F21599D5900BD6E37 /* macro */,
				B3BB238221599D5900BD6E37 /* List.cpp */,
				B3BB238321599D5900BD6E37 /* ListMap.hpp */,
				B3BB238421599D5900BD6E37 /* Primitive.cpp */,
				B3BB238521599D5900BD6E37 /* Type.cpp */,
			);
			path = type;
			sourceTree = "<group>";
		};
		B3BB237F21599D5900BD6E37 /* macro */ = {
			isa = PBXGroup;
			children = (
				B3BB238021599D5900BD6E37 /* zzz_macro_define_DTO_.hpp */,
				B3BB238121599D5900BD6E37 /* zzz_macro_undef_DTO_.hpp */,
			);
			path = macro;
			sourceTree = "<group>";
		};
		B3BB238721599D5900BD6E37 /* stream */ = {
			isa = PBXGroup;
			children = (
				B3BB238821599D5900BD6E37 /* ChunkedBuffer.hpp */,
				B3BB238921599D5900BD6E37 /* Delegate.cpp */,
				B3BB238A21599D5900BD6E37 /* StreamBufferedProxy.hpp */,
				B3BB238B21599D5900BD6E37 /* Stream.hpp */,
				B3BB238C21599D5900BD6E37 /* Stream.cpp */,
				B3BB238D21599D5900BD6E37 /* ChunkedBuffer.cpp */,
				B3BB238E21599D5900BD6E37 /* Delegate.hpp */,
				B3BB238F21599D5900BD6E37 /* StreamBufferedProxy.cpp */,
			);
			path = stream;
			sourceTree = "<group>";
		};
		B3BB239021599D5900BD6E37 /* buffer */ = {
			isa = PBXGroup;
			children = (
				B3BB239121599D5900BD6E37 /* IOBuffer.cpp */,
				B3BB239221599D5900BD6E37 /* FIFOBuffer.cpp */,
				B3BB239321599D5900BD6E37 /* FIFOBuffer.hpp */,
				B3BB239421599D5900BD6E37 /* IOBuffer.hpp */,
			);
			path = buffer;
			sourceTree = "<group>";
		};
		B3BB239521599D5900BD6E37 /* base */ = {
			isa = PBXGroup;
			children = (
				B3BB239621599D5900BD6E37 /* Controllable.cpp */,
				B3BB239721599D5900BD6E37 /* StrBuffer.hpp */,
				B3BB239821599D5900BD6E37 /* Environment.cpp */,
				B3BB239921599D5900BD6E37 /* memory */,
				B3BB23A021599D5900BD6E37 /* Config.hpp */,
				B3BB23A121599D5900BD6E37 /* Controllable.hpp */,
				B3BB23A221599D5900BD6E37 /* StrBuffer.cpp */,
				B3BB23A321599D5900BD6E37 /* Environment.hpp */,
			);
			path = base;
			sourceTree = "<group>";
		};
		B3BB239921599D5900BD6E37 /* memory */ = {
			isa = PBXGroup;
			children = (
				B3BB239A21599D5900BD6E37 /* MemoryPool.hpp */,
				B3BB239B21599D5900BD6E37 /* ObjectPool.hpp */,
				B3BB239C21599D5900BD6E37 /* Allocator.hpp */,
				B3BB239D21599D5900BD6E37 /* Allocator.cpp */,
				B3BB239E21599D5900BD6E37 /* MemoryPool.cpp */,
				B3BB239F21599D5900BD6E37 /* ObjectPool.cpp */,
			);
			path = memory;
			sourceTree = "<group>";
		};
		B3BB23A521599D5900BD6E37 /* test */ = {
			isa = PBXGroup;
			children = (
				B3BB23A621599D5900BD6E37 /* core */,
				B3BB23B221599D5900BD6E37 /* UnitTest.hpp */,
				B3BB23B321599D5900BD6E37 /* encoding */,
				B3BB23B621599D5900BD6E37 /* parser */,
				B3BB23BF21599D5900BD6E37 /* Checker.hpp */,
				B3BB23C021599D5900BD6E37 /* Checker.cpp */,
				B3BB23C121599D5900BD6E37 /* UnitTest.cpp */,
			);
			path = test;
			sourceTree = "<group>";
		};
		B3BB23A621599D5900BD6E37 /* core */ = {
			isa = PBXGroup;
			children = (
				B3BB23A721599D5900BD6E37 /* base */,
			);
			path = core;
			sourceTree = "<group>";
		};
		B3BB23A721599D5900BD6E37 /* base */ = {
			isa = PBXGroup;
			children = (
				B3BB23A821599D5900BD6E37 /* RegRuleTest.hpp */,
				B3BB23A921599D5900BD6E37 /* collection */,
				B3BB23AC21599D5900BD6E37 /* memory */,
				B3BB23B121599D5900BD6E37 /* RegRuleTest.cpp */,
			);
			path = base;
			sourceTree = "<group>";
		};
		B3BB23A921599D5900BD6E37 /* collection */ = {
			isa = PBXGroup;
			children = (
				B3BB23AA21599D5900BD6E37 /* LinkedListTest.cpp */,
				B3BB23AB21599D5900BD6E37 /* LinkedListTest.hpp */,
			);
			path = collection;
			sourceTree = "<group>";
		};
		B3BB23AC21599D5900BD6E37 /* memory */ = {
			isa = PBXGroup;
			children = (
				B3BB23AD21599D5900BD6E37 /* MemoryPoolTest.hpp */,
				B3BB23AE21599D5900BD6E37 /* PerfTest.hpp */,
				B3BB23AF21599D5900BD6E37 /* PerfTest.cpp */,
				B3BB23B021599D5900BD6E37 /* MemoryPoolTest.cpp */,
			);
			path = memory;
			sourceTree = "<group>";
		};
		B3BB23B321599D5900BD6E37 /* encoding */ = {
			isa = PBXGroup;
			children = (
				B3BB23B421599D5900BD6E37 /* UnicodeTest.cpp */,
				B3BB23B521599D5900BD6E37 /* UnicodeTest.hpp */,
			);
			path = encoding;
			sourceTree = "<group>";
		};
		B3BB23B621599D5900BD6E37 /* parser */ = {
			isa = PBXGroup;
			children = (
				B3BB23B721599D5900BD6E37 /* json */,
			);
			path = parser;
			sourceTree = "<group>";
		};
		B3BB23B721599D5900BD6E37 /* json */ = {
			isa = PBXGroup;
			children = (
				B3BB23B821599D5900BD6E37 /* mapping */,
			);
			path = json;
			sourceTree = "<group>";
		};
		B3BB23B821599D5900BD6E37 /* mapping */ = {
			isa = PBXGroup;
			children = (
				B3BB23B921599D5900BD6E37 /* DTOMapperPerfTest.cpp */,
				B3BB23BA21599D5900BD6E37 /* DeserializerTest.cpp */,
				B3BB23BB21599D5900BD6E37 /* DTOMapperTest.hpp */,
				B3BB23BC21599D5900BD6E37 /* DTOMapperTest.cpp */,
				B3BB23BD21599D5900BD6E37 /* DTOMapperPerfTest.hpp */,
				B3BB23BE21599D5900BD6E37 /* DeserializerTest.hpp */,
			);
			path = mapping;
			sourceTree = "<group>";
		};
		B3BB23C221599D5900BD6E37 /* web */ = {
			isa = PBXGroup;
			children = (
				B3BB23C321599D5900BD6E37 /* server */,
				B3BB23DB21599D5900BD6E37 /* protocol */,
				B3BB23F721599D5900BD6E37 /* url */,
				B3BB23FF21599D5900BD6E37 /* client */,
			);
			path = web;
			sourceTree = "<group>";
		};
		B3BB23C321599D5900BD6E37 /* server */ = {
			isa = PBXGroup;
			children = (
				B3BB23C421599D5900BD6E37 /* handler */,
				B3BB23C921599D5900BD6E37 /* AsyncHttpConnectionHandler.cpp */,
				B3BB23CA21599D5900BD6E37 /* HttpRouter.hpp */,
				B3BB23CB21599D5900BD6E37 /* HttpError.cpp */,
				B3BB23CC21599D5900BD6E37 /* HttpProcessor.hpp */,
				B3BB23CD21599D5900BD6E37 /* HttpConnectionHandler.hpp */,
				B3BB23CE21599D5900BD6E37 /* HttpProcessor.cpp */,
				B3BB23CF21599D5900BD6E37 /* HttpConnectionHandler.cpp */,
				B3BB23D021599D5900BD6E37 /* api */,
				B3BB23D821599D5900BD6E37 /* AsyncHttpConnectionHandler.hpp */,
				B3BB23D921599D5900BD6E37 /* HttpRouter.cpp */,
				B3BB23DA21599D5900BD6E37 /* HttpError.hpp */,
			);
			path = server;
			sourceTree = "<group>";
		};
		B3BB23C421599D5900BD6E37 /* handler */ = {
			isa = PBXGroup;
			children = (
				B3BB23C521599D5900BD6E37 /* Interceptor.hpp */,
				B3BB23C621599D5900BD6E37 /* ErrorHandler.cpp */,
				B3BB23C721599D5900BD6E37 /* Interceptor.cpp */,
				B3BB23C821599D5900BD6E37 /* ErrorHandler.hpp */,
			);
			path = handler;
			sourceTree = "<group>";
		};
		B3BB23D021599D5900BD6E37 /* api */ = {
			isa = PBXGroup;
			children = (
				B3BB23D121599D5900BD6E37 /* ApiController.hpp */,
				B3BB23D221599D5900BD6E37 /* Endpoint.cpp */,
				B3BB23D321599D5900BD6E37 /* macro */,
				B3BB23D621599D5900BD6E37 /* Endpoint.hpp */,
				B3BB23D721599D5900BD6E37 /* ApiController.cpp */,
			);
			path = api;
			sourceTree = "<group>";
		};
		B3BB23D321599D5900BD6E37 /* macro */ = {
			isa = PBXGroup;
			children = (
				B3BB23D421599D5900BD6E37 /* zzz_macro_define_ApiController_.hpp */,
				B3BB23D521599D5900BD6E37 /* zzz_macro_undef_ApiController_.hpp */,
			);
			path = macro;
			sourceTree = "<group>";
		};
		B3BB23DB21599D5900BD6E37 /* protocol */ = {
			isa = PBXGroup;
			children = (
				B3BB23DC21599D5900BD6E37 /* http */,
			);
			path = protocol;
			sourceTree = "<group>";
		};
		B3BB23DC21599D5900BD6E37 /* http */ = {
			isa = PBXGroup;
			children = (
				B3BB23DD21599D5900BD6E37 /* outgoing */,
				B3BB23EE21599D5900BD6E37 /* Http.hpp */,
				B3BB23EF21599D5900BD6E37 /* Http.cpp */,
				B3BB23F021599D5900BD6E37 /* incoming */,
			);
			path = http;
			sourceTree = "<group>";
		};
		B3BB23DD21599D5900BD6E37 /* outgoing */ = {
			isa = PBXGroup;
			children = (
				B3BB23DE21599D5900BD6E37 /* CommunicationUtils.cpp */,
				B3BB23DF21599D5900BD6E37 /* ResponseFactory.hpp */,
				B3BB23E021599D5900BD6E37 /* ChunkedBufferBody.cpp */,
				B3BB23E121599D5900BD6E37 /* Body.hpp */,
				B3BB23E221599D5900BD6E37 /* Request.cpp */,
				B3BB23E321599D5900BD6E37 /* Response.hpp */,
				B3BB23E421599D5900BD6E37 /* DtoBody.cpp */,
				B3BB23E521599D5900BD6E37 /* BufferBody.hpp */,
				B3BB23E621599D5900BD6E37 /* Body.cpp */,
				B3BB23E721599D5900BD6E37 /* Request.hpp */,
				B3BB23E821599D5900BD6E37 /* DtoBody.hpp */,
				B3BB23E921599D5900BD6E37 /* Response.cpp */,
				B3BB23EA21599D5900BD6E37 /* BufferBody.cpp */,
				B3BB23EB21599D5900BD6E37 /* CommunicationUtils.hpp */,
				B3BB23EC21599D5900BD6E37 /* ResponseFactory.cpp */,
				B3BB23ED21599D5900BD6E37 /* ChunkedBufferBody.hpp */,
			);
			path = outgoing;
			sourceTree = "<group>";
		};
		B3BB23F021599D5900BD6E37 /* incoming */ = {
			isa = PBXGroup;
			children = (
				B3BB23F121599D5900BD6E37 /* Request.cpp */,
				B3BB23F221599D5900BD6E37 /* Response.hpp */,
				B3BB23F321599D5900BD6E37 /* BodyDecoder.cpp */,
				B3BB23F421599D5900BD6E37 /* Request.hpp */,
				B3BB23F521599D5900BD6E37 /* Response.cpp */,
				B3BB23F621599D5900BD6E37 /* BodyDecoder.hpp */,
			);
			path = incoming;
			sourceTree = "<group>";
		};
		B3BB23F721599D5900BD6E37 /* url */ = {
			isa = PBXGroup;
			children = (
				B3BB23F821599D5900BD6E37 /* mapping */,
			);
			path = url;
			sourceTree = "<group>";
		};
		B3BB23F821599D5900BD6E37 /* mapping */ = {
			isa = PBXGroup;
			children = (
				B3BB23F921599D5900BD6E37 /* Router.cpp */,
				B3BB23FA21599D5900BD6E37 /* Subscriber.cpp */,
				B3BB23FB21599D5900BD6E37 /* Pattern.hpp */,
				B3BB23FC21599D5900BD6E37 /* Router.hpp */,
				B3BB23FD21599D5900BD6E37 /* Subscriber.hpp */,
				B3BB23FE21599D5900BD6E37 /* Pattern.cpp */,
			);
			path = mapping;
			sourceTree = "<group>";
		};
		B3BB23FF21599D5900BD6E37 /* client */ = {
			isa = PBXGroup;
			children = (
				B3BB240021599D5900BD6E37 /* RequestExecutor.cpp */,
				B3BB240121599D5900BD6E37 /* HttpRequestExecutor.hpp */,
				B3BB240221599D5900BD6E37 /* ApiClient.cpp */,
				B3BB240321599D5900BD6E37 /* macro */,
				B3BB240621599D5900BD6E37 /* ApiClient.hpp */,
				B3BB240721599D5900BD6E37 /* RequestExecutor.hpp */,
				B3BB240821599D5900BD6E37 /* HttpRequestExecutor.cpp */,
			);
			path = client;
			sourceTree = "<group>";
		};
		B3BB240321599D5900BD6E37 /* macro */ = {
			isa = PBXGroup;
			children = (
				B3BB240421599D5900BD6E37 /* zzz_macro_define_ApiClient_.hpp */,
				B3BB240521599D5900BD6E37 /* zzz_macro_undef_ApiClient_.hpp */,
			);
			path = macro;
			sourceTree = "<group>";
		};
		B3BB240921599D5900BD6E37 /* network */ = {
			isa = PBXGroup;
			children = (
				B3BB240A21599D5900BD6E37 /* Connection.hpp */,
				B3BB240B21599D5900BD6E37 /* Url.cpp */,
				B3BB240C21599D5900BD6E37 /* virtual_ */,
				B3BB241121599D5900BD6E37 /* server */,
				B3BB241821599D5900BD6E37 /* ConnectionProvider.hpp */,
				B3BB241921599D5900BD6E37 /* Url.hpp */,
				B3BB241A21599D5900BD6E37 /* ConnectionProvider.cpp */,
				B3BB241B21599D5900BD6E37 /* Connection.cpp */,
				B3BB241C21599D5900BD6E37 /* client */,
			);
			path = network;
			sourceTree = "<group>";
		};
		B3BB240C21599D5900BD6E37 /* virtual_ */ = {
			isa = PBXGroup;
			children = (
				B3BB240D21599D5900BD6E37 /* Pipe.cpp */,
				B3BB240E21599D5900BD6E37 /* Socket.cpp */,
				B3BB240F21599D5900BD6E37 /* Socket.hpp */,
				B3BB241021599D5900BD6E37 /* Pipe.hpp */,
			);
			path = virtual_;
			sourceTree = "<group>";
		};
		B3BB241121599D5900BD6E37 /* server */ = {
			isa = PBXGroup;
			children = (
				B3BB241221599D5900BD6E37 /* Server.hpp */,
				B3BB241321599D5900BD6E37 /* SimpleTCPConnectionProvider.hpp */,
				B3BB241421599D5900BD6E37 /* ConnectionHandler.hpp */,
				B3BB241521599D5900BD6E37 /* SimpleTCPConnectionProvider.cpp */,
				B3BB241621599D5900BD6E37 /* ConnectionHandler.cpp */,
				B3BB241721599D5900BD6E37 /* Server.cpp */,
			);
			path = server;
			sourceTree = "<group>";
		};
		B3BB241C21599D5900BD6E37 /* client */ = {
			isa = PBXGroup;
			children = (
				B3BB241D21599D5900BD6E37 /* SimpleTCPConnectionProvider.hpp */,
				B3BB241E21599D5900BD6E37 /* SimpleTCPConnectionProvider.cpp */,
			);
			path = client;
			sourceTree = "<group>";
		};
		B3BB241F21599D5900BD6E37 /* encoding */ = {
			isa = PBXGroup;
			children = (
				B3BB242021599D5900BD6E37 /* Unicode.hpp */,
				B3BB242121599D5900BD6E37 /* Base64.cpp */,
				B3BB242221599D5900BD6E37 /* Hex.hpp */,
				B3BB242321599D5900BD6E37 /* Hex.cpp */,
				B3BB242421599D5900BD6E37 /* Unicode.cpp */,
				B3BB242521599D5900BD6E37 /* Base64.hpp */,
			);
			path = encoding;
			sourceTree = "<group>";
		};
		B3BB242621599D5900BD6E37 /* algorithm */ = {
			isa = PBXGroup;
			children = (
				B3BB242721599D5900BD6E37 /* CRC.cpp */,
				B3BB242821599D5900BD6E37 /* CRC.hpp */,
			);
			path = algorithm;
			sourceTree = "<group>";
		};
		B3BB242921599D5900BD6E37 /* parser */ = {
			isa = PBXGroup;
			children = (
				B3BB242A21599D5900BD6E37 /* json */,
			);
			path = parser;
			sourceTree = "<group>";
		};
		B3BB242A21599D5900BD6E37 /* json */ = {
			isa = PBXGroup;
			children = (
				B3BB242B21599D5900BD6E37 /* mapping */,
				B3BB243221599D5900BD6E37 /* Utils.cpp */,
				B3BB243321599D5900BD6E37 /* Utils.hpp */,
			);
			path = json;
			sourceTree = "<group>";
		};
		B3BB242B21599D5900BD6E37 /* mapping */ = {
			isa = PBXGroup;
			children = (
				B3BB242C21599D5900BD6E37 /* Serializer.hpp */,
				B3BB242D21599D5900BD6E37 /* Deserializer.hpp */,
				B3BB242E21599D5900BD6E37 /* ObjectMapper.hpp */,
				B3BB242F21599D5900BD6E37 /* Deserializer.cpp */,
				B3BB243021599D5900BD6E37 /* ObjectMapper.cpp */,
				B3BB243121599D5900BD6E37 /* Serializer.cpp */,
			);
			path = mapping;
			sourceTree = "<group>";
		};
/* End PBXGroup section */

/* Begin PBXNativeTarget section */
		B38DB6C5214311CD00F3896A /* benchmark-http-async */ = {
			isa = PBXNativeTarget;
			buildConfigurationList = B38DB6CD214311CD00F3896A /* Build configuration list for PBXNativeTarget "benchmark-http-async" */;
			buildPhases = (
				B38DB6C2214311CD00F3896A /* Sources */,
				B38DB6C3214311CD00F3896A /* Frameworks */,
				B38DB6C4214311CD00F3896A /* CopyFiles */,
			);
			buildRules = (
			);
			dependencies = (
			);
			name = "benchmark-http-async";
			productName = "benchmark-http";
			productReference = B38DB6C6214311CD00F3896A /* benchmark-http */;
			productType = "com.apple.product-type.tool";
		};
/* End PBXNativeTarget section */

/* Begin PBXProject section */
		B38DB6BE214311CD00F3896A /* Project object */ = {
			isa = PBXProject;
			attributes = {
				LastUpgradeCheck = 0930;
				ORGANIZATIONNAME = lganzzzo;
				TargetAttributes = {
					B38DB6C5214311CD00F3896A = {
						CreatedOnToolsVersion = 9.3.1;
					};
				};
			};
			buildConfigurationList = B38DB6C1214311CD00F3896A /* Build configuration list for PBXProject "benchmark-http-async" */;
			compatibilityVersion = "Xcode 9.3";
			developmentRegion = en;
			hasScannedForEncodings = 0;
			knownRegions = (
				en,
			);
			mainGroup = B38DB6BD214311CD00F3896A;
			productRefGroup = B38DB6C7214311CD00F3896A /* Products */;
			projectDirPath = "";
			projectRoot = "";
			targets = (
				B38DB6C5214311CD00F3896A /* benchmark-http-async */,
			);
		};
/* End PBXProject section */

/* Begin PBXSourcesBuildPhase section */
		B38DB6C2214311CD00F3896A /* Sources */ = {
			isa = PBXSourcesBuildPhase;
			buildActionMask = 2147483647;
			files = (
				B3BB248521599D5900BD6E37 /* CRC.cpp in Sources */,
				B3BB246D21599D5900BD6E37 /* BufferBody.cpp in Sources */,
				B3BB246921599D5900BD6E37 /* Request.cpp in Sources */,
				B3BB248921599D5900BD6E37 /* Utils.cpp in Sources */,
				B3BB247D21599D5900BD6E37 /* ConnectionHandler.cpp in Sources */,
				B3BB245321599D5900BD6E37 /* StrBuffer.cpp in Sources */,
				B3BB244121599D5900BD6E37 /* Library.cpp in Sources */,
				B3BB247121599D5900BD6E37 /* BodyDecoder.cpp in Sources */,
				B3BB244B21599D5900BD6E37 /* StreamBufferedProxy.cpp in Sources */,
				B3BB247721599D5900BD6E37 /* ApiClient.cpp in Sources */,
				B3BB246B21599D5900BD6E37 /* Body.cpp in Sources */,
				B3BB245821599D5900BD6E37 /* UnicodeTest.cpp in Sources */,
				B37D4AA0214E89F00001AE17 /* main.cpp in Sources */,
				B3BB244F21599D5900BD6E37 /* Environment.cpp in Sources */,
				B3BB248821599D5900BD6E37 /* Serializer.cpp in Sources */,
				B3BB244A21599D5900BD6E37 /* ChunkedBuffer.cpp in Sources */,
				B3BB247C21599D5900BD6E37 /* SimpleTCPConnectionProvider.cpp in Sources */,
				B3BB244D21599D5900BD6E37 /* FIFOBuffer.cpp in Sources */,
				B3BB243B21599D5900BD6E37 /* Coroutine.cpp in Sources */,
				B3BB246521599D5900BD6E37 /* ApiController.cpp in Sources */,
				B3BB246621599D5900BD6E37 /* HttpRouter.cpp in Sources */,
				B3BB248121599D5900BD6E37 /* SimpleTCPConnectionProvider.cpp in Sources */,
				B3BB248421599D5900BD6E37 /* Unicode.cpp in Sources */,
				B3BB245E21599D5900BD6E37 /* ErrorHandler.cpp in Sources */,
				B3BB247F21599D5900BD6E37 /* ConnectionProvider.cpp in Sources */,
				B3BB244921599D5900BD6E37 /* Stream.cpp in Sources */,
				B3BB245F21599D5900BD6E37 /* Interceptor.cpp in Sources */,
				B3BB247221599D5900BD6E37 /* Response.cpp in Sources */,
				B3BB248321599D5900BD6E37 /* Hex.cpp in Sources */,
				B3BB248221599D5900BD6E37 /* Base64.cpp in Sources */,
				B3BB248621599D5900BD6E37 /* Deserializer.cpp in Sources */,
				B3BB247421599D5900BD6E37 /* Subscriber.cpp in Sources */,
				B3BB243821599D5900BD6E37 /* FastQueue.cpp in Sources */,
				B3BB244821599D5900BD6E37 /* Delegate.cpp in Sources */,
				B3BB244221599D5900BD6E37 /* Object.cpp in Sources */,
				B3BB247B21599D5900BD6E37 /* Socket.cpp in Sources */,
				B3BB244521599D5900BD6E37 /* Primitive.cpp in Sources */,
				B3BB247021599D5900BD6E37 /* Request.cpp in Sources */,
				B3BB244421599D5900BD6E37 /* List.cpp in Sources */,
				B3BB247921599D5900BD6E37 /* Url.cpp in Sources */,
				B3BB243C21599D5900BD6E37 /* ConversionUtils.cpp in Sources */,
				B3BB243E21599D5900BD6E37 /* Runnable.cpp in Sources */,
				B3BB244621599D5900BD6E37 /* Type.cpp in Sources */,
				B3BB243A21599D5900BD6E37 /* Processor.cpp in Sources */,
				B3BB246121599D5900BD6E37 /* HttpError.cpp in Sources */,
				B3BB245721599D5900BD6E37 /* RegRuleTest.cpp in Sources */,
				B3BB245521599D5900BD6E37 /* PerfTest.cpp in Sources */,
				B3BB243921599D5900BD6E37 /* ListMap.cpp in Sources */,
				B3BB245D21599D5900BD6E37 /* UnitTest.cpp in Sources */,
				B3BB243D21599D5900BD6E37 /* ParsingCaret.cpp in Sources */,
				B3BB245021599D5900BD6E37 /* Allocator.cpp in Sources */,
				B3BB247A21599D5900BD6E37 /* Pipe.cpp in Sources */,
				B3BB245621599D5900BD6E37 /* MemoryPoolTest.cpp in Sources */,
				B3BB245C21599D5900BD6E37 /* Checker.cpp in Sources */,
				B3BB243F21599D5900BD6E37 /* SpinLock.cpp in Sources */,
				B3BB245421599D5900BD6E37 /* LinkedListTest.cpp in Sources */,
				B3BB247321599D5900BD6E37 /* Router.cpp in Sources */,
				B3BB247521599D5900BD6E37 /* Pattern.cpp in Sources */,
				B3BB243721599D5900BD6E37 /* LinkedList.cpp in Sources */,
				B3BB244E21599D5900BD6E37 /* Controllable.cpp in Sources */,
				B3BB244321599D5900BD6E37 /* ListMap.cpp in Sources */,
				B3BB245221599D5900BD6E37 /* ObjectPool.cpp in Sources */,
				B3BB245921599D5900BD6E37 /* DTOMapperPerfTest.cpp in Sources */,
				B3BB248721599D5900BD6E37 /* ObjectMapper.cpp in Sources */,
				B3BB246F21599D5900BD6E37 /* Http.cpp in Sources */,
				B3BB246321599D5900BD6E37 /* HttpConnectionHandler.cpp in Sources */,
				B3BB246E21599D5900BD6E37 /* ResponseFactory.cpp in Sources */,
				B3BB247821599D5900BD6E37 /* HttpRequestExecutor.cpp in Sources */,
				B3BB245B21599D5900BD6E37 /* DTOMapperTest.cpp in Sources */,
				B3BB245A21599D5900BD6E37 /* DeserializerTest.cpp in Sources */,
				B3BB246A21599D5900BD6E37 /* DtoBody.cpp in Sources */,
				B3BB244721599D5900BD6E37 /* ObjectMapper.cpp in Sources */,
				B3BB247E21599D5900BD6E37 /* Server.cpp in Sources */,
				B3BB246021599D5900BD6E37 /* AsyncHttpConnectionHandler.cpp in Sources */,
				B3BB246821599D5900BD6E37 /* ChunkedBufferBody.cpp in Sources */,
				B3BB243621599D5900BD6E37 /* Types.cpp in Sources */,
				B3BB244021599D5900BD6E37 /* Thread.cpp in Sources */,
				B3BB245121599D5900BD6E37 /* MemoryPool.cpp in Sources */,
				B3BB246221599D5900BD6E37 /* HttpProcessor.cpp in Sources */,
				B3BB246C21599D5900BD6E37 /* Response.cpp in Sources */,
				B3BB248021599D5900BD6E37 /* Connection.cpp in Sources */,
				B3BB246721599D5900BD6E37 /* CommunicationUtils.cpp in Sources */,
				B3BB246421599D5900BD6E37 /* Endpoint.cpp in Sources */,
				B3BB247621599D5900BD6E37 /* RequestExecutor.cpp in Sources */,
				B3BB244C21599D5900BD6E37 /* IOBuffer.cpp in Sources */,
			);
			runOnlyForDeploymentPostprocessing = 0;
		};
/* End PBXSourcesBuildPhase section */

/* Begin XCBuildConfiguration section */
		B38DB6CB214311CD00F3896A /* Debug */ = {
			isa = XCBuildConfiguration;
			buildSettings = {
				ALWAYS_SEARCH_USER_PATHS = NO;
				CLANG_ANALYZER_NONNULL = YES;
				CLANG_ANALYZER_NUMBER_OBJECT_CONVERSION = YES_AGGRESSIVE;
				CLANG_CXX_LANGUAGE_STANDARD = "gnu++14";
				CLANG_CXX_LIBRARY = "libc++";
				CLANG_ENABLE_MODULES = YES;
				CLANG_ENABLE_OBJC_ARC = YES;
				CLANG_ENABLE_OBJC_WEAK = YES;
				CLANG_WARN_BLOCK_CAPTURE_AUTORELEASING = YES;
				CLANG_WARN_BOOL_CONVERSION = YES;
				CLANG_WARN_COMMA = YES;
				CLANG_WARN_CONSTANT_CONVERSION = YES;
				CLANG_WARN_DEPRECATED_OBJC_IMPLEMENTATIONS = YES;
				CLANG_WARN_DIRECT_OBJC_ISA_USAGE = YES_ERROR;
				CLANG_WARN_DOCUMENTATION_COMMENTS = YES;
				CLANG_WARN_EMPTY_BODY = YES;
				CLANG_WARN_ENUM_CONVERSION = YES;
				CLANG_WARN_INFINITE_RECURSION = YES;
				CLANG_WARN_INT_CONVERSION = YES;
				CLANG_WARN_NON_LITERAL_NULL_CONVERSION = YES;
				CLANG_WARN_OBJC_IMPLICIT_RETAIN_SELF = YES;
				CLANG_WARN_OBJC_LITERAL_CONVERSION = YES;
				CLANG_WARN_OBJC_ROOT_CLASS = YES_ERROR;
				CLANG_WARN_RANGE_LOOP_ANALYSIS = YES;
				CLANG_WARN_STRICT_PROTOTYPES = YES;
				CLANG_WARN_SUSPICIOUS_MOVE = YES;
				CLANG_WARN_UNGUARDED_AVAILABILITY = YES_AGGRESSIVE;
				CLANG_WARN_UNREACHABLE_CODE = YES;
				CLANG_WARN__DUPLICATE_METHOD_MATCH = YES;
				CODE_SIGN_IDENTITY = "-";
				COPY_PHASE_STRIP = NO;
				DEBUG_INFORMATION_FORMAT = dwarf;
				ENABLE_STRICT_OBJC_MSGSEND = YES;
				ENABLE_TESTABILITY = YES;
				GCC_C_LANGUAGE_STANDARD = gnu11;
				GCC_DYNAMIC_NO_PIC = NO;
				GCC_NO_COMMON_BLOCKS = YES;
				GCC_OPTIMIZATION_LEVEL = 0;
				GCC_PREPROCESSOR_DEFINITIONS = (
					"DEBUG=1",
					"$(inherited)",
				);
				GCC_WARN_64_TO_32_BIT_CONVERSION = YES;
				GCC_WARN_ABOUT_RETURN_TYPE = YES_ERROR;
				GCC_WARN_UNDECLARED_SELECTOR = YES;
				GCC_WARN_UNINITIALIZED_AUTOS = YES_AGGRESSIVE;
				GCC_WARN_UNUSED_FUNCTION = YES;
				GCC_WARN_UNUSED_VARIABLE = YES;
				MACOSX_DEPLOYMENT_TARGET = 10.13;
				MTL_ENABLE_DEBUG_INFO = YES;
				ONLY_ACTIVE_ARCH = YES;
				SDKROOT = macosx;
			};
			name = Debug;
		};
		B38DB6CC214311CD00F3896A /* Release */ = {
			isa = XCBuildConfiguration;
			buildSettings = {
				ALWAYS_SEARCH_USER_PATHS = NO;
				CLANG_ANALYZER_NONNULL = YES;
				CLANG_ANALYZER_NUMBER_OBJECT_CONVERSION = YES_AGGRESSIVE;
				CLANG_CXX_LANGUAGE_STANDARD = "gnu++14";
				CLANG_CXX_LIBRARY = "libc++";
				CLANG_ENABLE_MODULES = YES;
				CLANG_ENABLE_OBJC_ARC = YES;
				CLANG_ENABLE_OBJC_WEAK = YES;
				CLANG_WARN_BLOCK_CAPTURE_AUTORELEASING = YES;
				CLANG_WARN_BOOL_CONVERSION = YES;
				CLANG_WARN_COMMA = YES;
				CLANG_WARN_CONSTANT_CONVERSION = YES;
				CLANG_WARN_DEPRECATED_OBJC_IMPLEMENTATIONS = YES;
				CLANG_WARN_DIRECT_OBJC_ISA_USAGE = YES_ERROR;
				CLANG_WARN_DOCUMENTATION_COMMENTS = YES;
				CLANG_WARN_EMPTY_BODY = YES;
				CLANG_WARN_ENUM_CONVERSION = YES;
				CLANG_WARN_INFINITE_RECURSION = YES;
				CLANG_WARN_INT_CONVERSION = YES;
				CLANG_WARN_NON_LITERAL_NULL_CONVERSION = YES;
				CLANG_WARN_OBJC_IMPLICIT_RETAIN_SELF = YES;
				CLANG_WARN_OBJC_LITERAL_CONVERSION = YES;
				CLANG_WARN_OBJC_ROOT_CLASS = YES_ERROR;
				CLANG_WARN_RANGE_LOOP_ANALYSIS = YES;
				CLANG_WARN_STRICT_PROTOTYPES = YES;
				CLANG_WARN_SUSPICIOUS_MOVE = YES;
				CLANG_WARN_UNGUARDED_AVAILABILITY = YES_AGGRESSIVE;
				CLANG_WARN_UNREACHABLE_CODE = YES;
				CLANG_WARN__DUPLICATE_METHOD_MATCH = YES;
				CODE_SIGN_IDENTITY = "-";
				COPY_PHASE_STRIP = NO;
				DEBUG_INFORMATION_FORMAT = "dwarf-with-dsym";
				ENABLE_NS_ASSERTIONS = NO;
				ENABLE_STRICT_OBJC_MSGSEND = YES;
				GCC_C_LANGUAGE_STANDARD = gnu11;
				GCC_NO_COMMON_BLOCKS = YES;
				GCC_WARN_64_TO_32_BIT_CONVERSION = YES;
				GCC_WARN_ABOUT_RETURN_TYPE = YES_ERROR;
				GCC_WARN_UNDECLARED_SELECTOR = YES;
				GCC_WARN_UNINITIALIZED_AUTOS = YES_AGGRESSIVE;
				GCC_WARN_UNUSED_FUNCTION = YES;
				GCC_WARN_UNUSED_VARIABLE = YES;
				MACOSX_DEPLOYMENT_TARGET = 10.13;
				MTL_ENABLE_DEBUG_INFO = NO;
				SDKROOT = macosx;
			};
			name = Release;
		};
		B38DB6CE214311CD00F3896A /* Debug */ = {
			isa = XCBuildConfiguration;
			buildSettings = {
				CODE_SIGN_STYLE = Automatic;
				LIBRARY_SEARCH_PATHS = "";
				PRODUCT_NAME = "$(TARGET_NAME)";
				USER_HEADER_SEARCH_PATHS = ../lib;
			};
			name = Debug;
		};
		B38DB6CF214311CD00F3896A /* Release */ = {
			isa = XCBuildConfiguration;
			buildSettings = {
				CODE_SIGN_STYLE = Automatic;
				LIBRARY_SEARCH_PATHS = "";
				PRODUCT_NAME = "$(TARGET_NAME)";
				USER_HEADER_SEARCH_PATHS = ../lib;
			};
			name = Release;
		};
/* End XCBuildConfiguration section */

/* Begin XCConfigurationList section */
		B38DB6C1214311CD00F3896A /* Build configuration list for PBXProject "benchmark-http-async" */ = {
			isa = XCConfigurationList;
			buildConfigurations = (
				B38DB6CB214311CD00F3896A /* Debug */,
				B38DB6CC214311CD00F3896A /* Release */,
			);
			defaultConfigurationIsVisible = 0;
			defaultConfigurationName = Release;
		};
		B38DB6CD214311CD00F3896A /* Build configuration list for PBXNativeTarget "benchmark-http-async" */ = {
			isa = XCConfigurationList;
			buildConfigurations = (
				B38DB6CE214311CD00F3896A /* Debug */,
				B38DB6CF214311CD00F3896A /* Release */,
			);
			defaultConfigurationIsVisible = 0;
			defaultConfigurationName = Release;
		};
/* End XCConfigurationList section */
	};
	rootObject = B38DB6BE214311CD00F3896A /* Project object */;
}
